// !$*UTF8*$!
{
	archiveVersion = 1;
	classes = {
	};
	objectVersion = 46;
	objects = {

/* Begin PBXBuildFile section */
		442EACAB155D9D780032E1B2 /* SystemConfiguration.framework in Frameworks */ = {isa = PBXBuildFile; fileRef = 442EACAA155D9D780032E1B2 /* SystemConfiguration.framework */; };
		444B42D2155C2FD200319EC7 /* UIKit.framework in Frameworks */ = {isa = PBXBuildFile; fileRef = 444B42D1155C2FD200319EC7 /* UIKit.framework */; };
		444B42D4155C2FD200319EC7 /* Foundation.framework in Frameworks */ = {isa = PBXBuildFile; fileRef = 444B42D3155C2FD200319EC7 /* Foundation.framework */; };
		444B42D6155C2FD200319EC7 /* CoreGraphics.framework in Frameworks */ = {isa = PBXBuildFile; fileRef = 444B42D5155C2FD200319EC7 /* CoreGraphics.framework */; };
		444B449E155C378700319EC7 /* Security.framework in Frameworks */ = {isa = PBXBuildFile; fileRef = 444B449D155C378700319EC7 /* Security.framework */; };
		444B44A0155C378D00319EC7 /* CFNetwork.framework in Frameworks */ = {isa = PBXBuildFile; fileRef = 444B449F155C378D00319EC7 /* CFNetwork.framework */; };
		44562B4F16FE611600428908 /* NSStringAdditions.m in Sources */ = {isa = PBXBuildFile; fileRef = 44562AAC16FE611600428908 /* NSStringAdditions.m */; settings = {COMPILER_FLAGS = "-fno-objc-arc"; }; };
		44562B5016FE611600428908 /* UIImage+Additions.m in Sources */ = {isa = PBXBuildFile; fileRef = 44562AAE16FE611600428908 /* UIImage+Additions.m */; };
		44562B5116FE611600428908 /* CustomGestureRecognizer.m in Sources */ = {isa = PBXBuildFile; fileRef = 44562AB316FE611600428908 /* CustomGestureRecognizer.m */; };
		44562B5216FE611600428908 /* TransparentTouchView.mm in Sources */ = {isa = PBXBuildFile; fileRef = 44562AB516FE611600428908 /* TransparentTouchView.mm */; };
		44562B5316FE611600428908 /* KVCBaseObject.m in Sources */ = {isa = PBXBuildFile; fileRef = 44562ABB16FE611600428908 /* KVCBaseObject.m */; settings = {COMPILER_FLAGS = "-fno-objc-arc"; }; };
		44562B5416FE611600428908 /* AppDelegate.m in Sources */ = {isa = PBXBuildFile; fileRef = 44562ABE16FE611600428908 /* AppDelegate.m */; };
		44562B5516FE611600428908 /* BonjourIface.m in Sources */ = {isa = PBXBuildFile; fileRef = 44562AC016FE611600428908 /* BonjourIface.m */; };
		44562B5616FE611600428908 /* GlobalDefaults.m in Sources */ = {isa = PBXBuildFile; fileRef = 44562AC216FE611600428908 /* GlobalDefaults.m */; };
		44562B5716FE611600428908 /* Helper.m in Sources */ = {isa = PBXBuildFile; fileRef = 44562AC416FE611600428908 /* Helper.m */; };
		44562B5816FE611600428908 /* Iface.m in Sources */ = {isa = PBXBuildFile; fileRef = 44562AC616FE611600428908 /* Iface.m */; };
		44562B5916FE611600428908 /* MainViewController.m in Sources */ = {isa = PBXBuildFile; fileRef = 44562AC816FE611600428908 /* MainViewController.m */; };
		44562B5A16FE611600428908 /* MainViewController.xib in Resources */ = {isa = PBXBuildFile; fileRef = 44562AC916FE611600428908 /* MainViewController.xib */; };
		44562B5B16FE611600428908 /* Reachability.m in Sources */ = {isa = PBXBuildFile; fileRef = 44562ACB16FE611600428908 /* Reachability.m */; settings = {COMPILER_FLAGS = "-fno-objc-arc"; }; };
		44562B6116FE611600428908 /* PasteboardShareController.m in Sources */ = {isa = PBXBuildFile; fileRef = 44562ADA16FE611600428908 /* PasteboardShareController.m */; };
		44562B6216FE611600428908 /* PicturesShareController.m in Sources */ = {isa = PBXBuildFile; fileRef = 44562ADC16FE611600428908 /* PicturesShareController.m */; };
		44562B6316FE611600428908 /* AlbumShareSectionHeader.m in Sources */ = {isa = PBXBuildFile; fileRef = 44562ADF16FE611600428908 /* AlbumShareSectionHeader.m */; };
		44562B6416FE611600428908 /* PictureViewCell.m in Sources */ = {isa = PBXBuildFile; fileRef = 44562AE116FE611600428908 /* PictureViewCell.m */; };
		44562B6516FE611600428908 /* PictureViewCell.xib in Resources */ = {isa = PBXBuildFile; fileRef = 44562AE216FE611600428908 /* PictureViewCell.xib */; };
		44562B6616FE611600428908 /* PicturesPrivateViewController.m in Sources */ = {isa = PBXBuildFile; fileRef = 44562AE416FE611600428908 /* PicturesPrivateViewController.m */; };
		44562B6716FE611600428908 /* ShareController.m in Sources */ = {isa = PBXBuildFile; fileRef = 44562AE616FE611600428908 /* ShareController.m */; };
		44562B6816FE611600428908 /* TextShareController.m in Sources */ = {isa = PBXBuildFile; fileRef = 44562AE816FE611600428908 /* TextShareController.m */; };
		44562B6916FE611600428908 /* ALAssetShare.m in Sources */ = {isa = PBXBuildFile; fileRef = 44562AEB16FE611600428908 /* ALAssetShare.m */; };
		44562B6A16FE611600428908 /* AlbumShare.m in Sources */ = {isa = PBXBuildFile; fileRef = 44562AED16FE611600428908 /* AlbumShare.m */; };
		44562B6B16FE611600428908 /* ImageShare.m in Sources */ = {isa = PBXBuildFile; fileRef = 44562AEF16FE611600428908 /* ImageShare.m */; };
		44562B6C16FE611600428908 /* PasteboardShare.m in Sources */ = {isa = PBXBuildFile; fileRef = 44562AF116FE611600428908 /* PasteboardShare.m */; };
		44562B6D16FE611600428908 /* PicturesShare.m in Sources */ = {isa = PBXBuildFile; fileRef = 44562AF316FE611600428908 /* PicturesShare.m */; };
		44562B6E16FE611600428908 /* Share.m in Sources */ = {isa = PBXBuildFile; fileRef = 44562AF516FE611600428908 /* Share.m */; };
		44562B6F16FE611600428908 /* SharesProvider.m in Sources */ = {isa = PBXBuildFile; fileRef = 44562AF716FE611600428908 /* SharesProvider.m */; };
		44562B7016FE611600428908 /* TextShare.m in Sources */ = {isa = PBXBuildFile; fileRef = 44562AF916FE611600428908 /* TextShare.m */; };
		44562B7216FE611600428908 /* BaseCellAdapter.m in Sources */ = {isa = PBXBuildFile; fileRef = 44562AFF16FE611600428908 /* BaseCellAdapter.m */; };
		44562B7316FE611600428908 /* IfaceBaseCellAdapter.m in Sources */ = {isa = PBXBuildFile; fileRef = 44562B0116FE611600428908 /* IfaceBaseCellAdapter.m */; };
		44562B7416FE611600428908 /* ImageCellAdapter.m in Sources */ = {isa = PBXBuildFile; fileRef = 44562B0316FE611600428908 /* ImageCellAdapter.m */; };
		44562B7516FE611600428908 /* PasteboardShareImageCellAdapter.m in Sources */ = {isa = PBXBuildFile; fileRef = 44562B0516FE611600428908 /* PasteboardShareImageCellAdapter.m */; };
		44562B7616FE611600428908 /* PasteboardShareTextCellAdapter.m in Sources */ = {isa = PBXBuildFile; fileRef = 44562B0716FE611600428908 /* PasteboardShareTextCellAdapter.m */; };
		44562B7716FE611600428908 /* ShareSwitchCellAdapter.m in Sources */ = {isa = PBXBuildFile; fileRef = 44562B0916FE611600428908 /* ShareSwitchCellAdapter.m */; };
		44562B7816FE611600428908 /* SwitchCellAdapter.m in Sources */ = {isa = PBXBuildFile; fileRef = 44562B0B16FE611600428908 /* SwitchCellAdapter.m */; };
		44562B7916FE611600428908 /* TextCellAdapter.m in Sources */ = {isa = PBXBuildFile; fileRef = 44562B0D16FE611600428908 /* TextCellAdapter.m */; };
		44562B7A16FE611600428908 /* TextShareTextCellAdapter.m in Sources */ = {isa = PBXBuildFile; fileRef = 44562B0F16FE611600428908 /* TextShareTextCellAdapter.m */; };
		44562B7B16FE611600428908 /* AlbumShareCell.m in Sources */ = {isa = PBXBuildFile; fileRef = 44562B1216FE611600428908 /* AlbumShareCell.m */; };
		44562B7C16FE611600428908 /* AlbumShareCell.xib in Resources */ = {isa = PBXBuildFile; fileRef = 44562B1316FE611600428908 /* AlbumShareCell.xib */; };
		44562B7D16FE611600428908 /* BaseCell.m in Sources */ = {isa = PBXBuildFile; fileRef = 44562B1516FE611600428908 /* BaseCell.m */; };
		44562B7E16FE611600428908 /* ImageCell.m in Sources */ = {isa = PBXBuildFile; fileRef = 44562B1716FE611600428908 /* ImageCell.m */; };
		44562B7F16FE611600428908 /* ImageCell.xib in Resources */ = {isa = PBXBuildFile; fileRef = 44562B1816FE611600428908 /* ImageCell.xib */; };
		44562B8016FE611600428908 /* ShareCell.m in Sources */ = {isa = PBXBuildFile; fileRef = 44562B1A16FE611600428908 /* ShareCell.m */; };
		44562B8116FE611600428908 /* ShareCell.xib in Resources */ = {isa = PBXBuildFile; fileRef = 44562B1B16FE611600428908 /* ShareCell.xib */; };
		44562B8216FE611600428908 /* SwitchCell.m in Sources */ = {isa = PBXBuildFile; fileRef = 44562B1D16FE611600428908 /* SwitchCell.m */; };
		44562B8316FE611600428908 /* SwitchCell.xib in Resources */ = {isa = PBXBuildFile; fileRef = 44562B1E16FE611600428908 /* SwitchCell.xib */; };
		44562B8416FE611600428908 /* TextCell.m in Sources */ = {isa = PBXBuildFile; fileRef = 44562B2016FE611600428908 /* TextCell.m */; };
		44562B8516FE611600428908 /* TextCell.xib in Resources */ = {isa = PBXBuildFile; fileRef = 44562B2116FE611600428908 /* TextCell.xib */; };
		44562B8616FE611600428908 /* CellModel.m in Sources */ = {isa = PBXBuildFile; fileRef = 44562B2416FE611600428908 /* CellModel.m */; };
		44562B8716FE611600428908 /* SectionModel.m in Sources */ = {isa = PBXBuildFile; fileRef = 44562B2616FE611600428908 /* SectionModel.m */; };
		44562B8816FE611600428908 /* TableModel.m in Sources */ = {isa = PBXBuildFile; fileRef = 44562B2816FE611600428908 /* TableModel.m */; };
		44562B8916FE611600428908 /* TableModelConstants.m in Sources */ = {isa = PBXBuildFile; fileRef = 44562B2A16FE611600428908 /* TableModelConstants.m */; };
		44562B8F16FE611600428908 /* Default-568h@2x.png in Resources */ = {isa = PBXBuildFile; fileRef = 44562B3416FE611600428908 /* Default-568h@2x.png */; };
		44562B9016FE611600428908 /* Icon.png in Resources */ = {isa = PBXBuildFile; fileRef = 44562B3516FE611600428908 /* Icon.png */; };
		44562B9116FE611600428908 /* Icon@2x.png in Resources */ = {isa = PBXBuildFile; fileRef = 44562B3616FE611600428908 /* Icon@2x.png */; };
		44562B9216FE611600428908 /* finch-icon.png in Resources */ = {isa = PBXBuildFile; fileRef = 44562B3716FE611600428908 /* finch-icon.png */; };
		44562B9316FE611600428908 /* finch-icon@2x.png in Resources */ = {isa = PBXBuildFile; fileRef = 44562B3816FE611600428908 /* finch-icon@2x.png */; };
		44562B9416FE611600428908 /* finch-text.png in Resources */ = {isa = PBXBuildFile; fileRef = 44562B3916FE611600428908 /* finch-text.png */; };
		44562B9516FE611600428908 /* finch-text@2x.png in Resources */ = {isa = PBXBuildFile; fileRef = 44562B3A16FE611600428908 /* finch-text@2x.png */; };
		44562B9616FE611600428908 /* icon-pasteboard-inactive.png in Resources */ = {isa = PBXBuildFile; fileRef = 44562B3B16FE611600428908 /* icon-pasteboard-inactive.png */; };
		44562B9716FE611600428908 /* icon-pasteboard-inactive@2x.png in Resources */ = {isa = PBXBuildFile; fileRef = 44562B3C16FE611600428908 /* icon-pasteboard-inactive@2x.png */; };
		44562B9E16FE611600428908 /* icon-privacy.png in Resources */ = {isa = PBXBuildFile; fileRef = 44562B4316FE611600428908 /* icon-privacy.png */; };
		44562B9F16FE611600428908 /* icon-privacy@2x.png in Resources */ = {isa = PBXBuildFile; fileRef = 44562B4416FE611600428908 /* icon-privacy@2x.png */; };
		44562BA016FE611600428908 /* icon-text-inactive.png in Resources */ = {isa = PBXBuildFile; fileRef = 44562B4516FE611600428908 /* icon-text-inactive.png */; };
		44562BA116FE611600428908 /* icon-text-inactive@2x.png in Resources */ = {isa = PBXBuildFile; fileRef = 44562B4616FE611600428908 /* icon-text-inactive@2x.png */; };
		44562BB916FE617000428908 /* MacroProcessorTest.m in Sources */ = {isa = PBXBuildFile; fileRef = 44562BAB16FE615800428908 /* MacroProcessorTest.m */; };
		44562BBB16FE617B00428908 /* Finch_Tests.m in Sources */ = {isa = PBXBuildFile; fileRef = 44562BAF16FE615800428908 /* Finch_Tests.m */; };
		44562BBD16FE678A00428908 /* ALAssetShare.m in Sources */ = {isa = PBXBuildFile; fileRef = 44562AEB16FE611600428908 /* ALAssetShare.m */; };
		44562BBF16FE67A300428908 /* ImageShare.m in Sources */ = {isa = PBXBuildFile; fileRef = 44562AEF16FE611600428908 /* ImageShare.m */; };
		44562BC116FE67CB00428908 /* Share.m in Sources */ = {isa = PBXBuildFile; fileRef = 44562AF516FE611600428908 /* Share.m */; };
		44562BC416FE67D300428908 /* PasteboardShare.m in Sources */ = {isa = PBXBuildFile; fileRef = 44562AF116FE611600428908 /* PasteboardShare.m */; };
		44562BD316FFB13300428908 /* icon-pasteboard-active.png in Resources */ = {isa = PBXBuildFile; fileRef = 44562BCB16FFB13300428908 /* icon-pasteboard-active.png */; };
		44562BD416FFB13300428908 /* icon-pasteboard-active@2x.png in Resources */ = {isa = PBXBuildFile; fileRef = 44562BCC16FFB13300428908 /* icon-pasteboard-active@2x.png */; };
		44562BD516FFB13300428908 /* icon-photo-active.png in Resources */ = {isa = PBXBuildFile; fileRef = 44562BCD16FFB13300428908 /* icon-photo-active.png */; };
		44562BD616FFB13300428908 /* icon-photo-active@2x.png in Resources */ = {isa = PBXBuildFile; fileRef = 44562BCE16FFB13300428908 /* icon-photo-active@2x.png */; };
		44562BD716FFB13300428908 /* icon-photo-inactive.png in Resources */ = {isa = PBXBuildFile; fileRef = 44562BCF16FFB13300428908 /* icon-photo-inactive.png */; };
		44562BD816FFB13300428908 /* icon-photo-inactive@2x.png in Resources */ = {isa = PBXBuildFile; fileRef = 44562BD016FFB13300428908 /* icon-photo-inactive@2x.png */; };
		44562BD916FFB13300428908 /* icon-text-active.png in Resources */ = {isa = PBXBuildFile; fileRef = 44562BD116FFB13300428908 /* icon-text-active.png */; };
		44562BDA16FFB13300428908 /* icon-text-active@2x.png in Resources */ = {isa = PBXBuildFile; fileRef = 44562BD216FFB13300428908 /* icon-text-active@2x.png */; };
		44562BF81700EF3A00428908 /* main.m in Sources */ = {isa = PBXBuildFile; fileRef = 44562BF61700EF3A00428908 /* main.m */; };
		44562BFB1700EFC100428908 /* MiscViewController.m in Sources */ = {isa = PBXBuildFile; fileRef = 44562BFA1700EFC100428908 /* MiscViewController.m */; };
		4464B02E16600B4300166441 /* AssetsLibrary.framework in Frameworks */ = {isa = PBXBuildFile; fileRef = 44A79AAE15E0F98000498FBD /* AssetsLibrary.framework */; };
		44656101170A099D0074AAC3 /* test_templates in Resources */ = {isa = PBXBuildFile; fileRef = 44656100170A099D0074AAC3 /* test_templates */; };
		44656102170A242B0074AAC3 /* NSStringAdditions.m in Sources */ = {isa = PBXBuildFile; fileRef = 44562AAC16FE611600428908 /* NSStringAdditions.m */; settings = {COMPILER_FLAGS = "-fno-objc-arc"; }; };
		44656104170A25020074AAC3 /* IMG_0010.PNG in Resources */ = {isa = PBXBuildFile; fileRef = 44656103170A25020074AAC3 /* IMG_0010.PNG */; };
		44656112170A9FC30074AAC3 /* HTTPAsyncAssetResponse.m in Sources */ = {isa = PBXBuildFile; fileRef = 44656107170A9FC30074AAC3 /* HTTPAsyncAssetResponse.m */; };
		44656113170A9FC30074AAC3 /* HTTPForbiddenResponse.m in Sources */ = {isa = PBXBuildFile; fileRef = 44656109170A9FC30074AAC3 /* HTTPForbiddenResponse.m */; };
		44656114170A9FC30074AAC3 /* MainHTTPConnection.m in Sources */ = {isa = PBXBuildFile; fileRef = 4465610B170A9FC30074AAC3 /* MainHTTPConnection.m */; };
		44656115170A9FC30074AAC3 /* BasicTemplateLoader.m in Sources */ = {isa = PBXBuildFile; fileRef = 4465610E170A9FC30074AAC3 /* BasicTemplateLoader.m */; };
		44656116170A9FC30074AAC3 /* MacroPreprocessor.m in Sources */ = {isa = PBXBuildFile; fileRef = 44656110170A9FC30074AAC3 /* MacroPreprocessor.m */; };
		44656117170A9FCB0074AAC3 /* BasicTemplateLoader.m in Sources */ = {isa = PBXBuildFile; fileRef = 4465610E170A9FC30074AAC3 /* BasicTemplateLoader.m */; };
		44656118170A9FCB0074AAC3 /* MacroPreprocessor.m in Sources */ = {isa = PBXBuildFile; fileRef = 44656110170A9FC30074AAC3 /* MacroPreprocessor.m */; };
		449F850817087DB00065DE9D /* docroot in Resources */ = {isa = PBXBuildFile; fileRef = 449F850717087DB00065DE9D /* docroot */; };
		449F850A17087DC70065DE9D /* tpl in Resources */ = {isa = PBXBuildFile; fileRef = 449F850917087DC70065DE9D /* tpl */; };
		44A79AAF15E0F98000498FBD /* AssetsLibrary.framework in Frameworks */ = {isa = PBXBuildFile; fileRef = 44A79AAE15E0F98000498FBD /* AssetsLibrary.framework */; };
		44B92FA215DD7B33008DBC29 /* CoreGraphics.framework in Frameworks */ = {isa = PBXBuildFile; fileRef = 444B42D5155C2FD200319EC7 /* CoreGraphics.framework */; };
		44BEA3111576AFF600A1A7A7 /* UIKit.framework in Frameworks */ = {isa = PBXBuildFile; fileRef = 444B42D1155C2FD200319EC7 /* UIKit.framework */; };
		44BEA3121576AFF600A1A7A7 /* Foundation.framework in Frameworks */ = {isa = PBXBuildFile; fileRef = 444B42D3155C2FD200319EC7 /* Foundation.framework */; };
		44BEA3211576B15300A1A7A7 /* SenTestingKit.framework in Frameworks */ = {isa = PBXBuildFile; fileRef = 44BEA3201576B15300A1A7A7 /* SenTestingKit.framework */; };
		44E958CE170396BD00D1BD03 /* MessageUI.framework in Frameworks */ = {isa = PBXBuildFile; fileRef = 44E958CD170396BD00D1BD03 /* MessageUI.framework */; };
		44EE822515FFD4EB008C12D6 /* CoreLocation.framework in Frameworks */ = {isa = PBXBuildFile; fileRef = 44EE822415FFD4EB008C12D6 /* CoreLocation.framework */; };
		44FA0A67171039CE00BB5BBE /* RootShare.m in Sources */ = {isa = PBXBuildFile; fileRef = 44FA0A66171039CE00BB5BBE /* RootShare.m */; };
		92BE8ED048B34C0EBE976834 /* libPods.a in Frameworks */ = {isa = PBXBuildFile; fileRef = 9E0B01861C6F42BE9FBC79BB /* libPods.a */; };
/* End PBXBuildFile section */

/* Begin PBXFileReference section */
		442EACAA155D9D780032E1B2 /* SystemConfiguration.framework */ = {isa = PBXFileReference; lastKnownFileType = wrapper.framework; name = SystemConfiguration.framework; path = System/Library/Frameworks/SystemConfiguration.framework; sourceTree = SDKROOT; };
		444B42CD155C2FD200319EC7 /* Finch.app */ = {isa = PBXFileReference; explicitFileType = wrapper.application; includeInIndex = 0; path = Finch.app; sourceTree = BUILT_PRODUCTS_DIR; };
		444B42D1155C2FD200319EC7 /* UIKit.framework */ = {isa = PBXFileReference; lastKnownFileType = wrapper.framework; name = UIKit.framework; path = System/Library/Frameworks/UIKit.framework; sourceTree = SDKROOT; };
		444B42D3155C2FD200319EC7 /* Foundation.framework */ = {isa = PBXFileReference; lastKnownFileType = wrapper.framework; name = Foundation.framework; path = System/Library/Frameworks/Foundation.framework; sourceTree = SDKROOT; };
		444B42D5155C2FD200319EC7 /* CoreGraphics.framework */ = {isa = PBXFileReference; lastKnownFileType = wrapper.framework; name = CoreGraphics.framework; path = System/Library/Frameworks/CoreGraphics.framework; sourceTree = SDKROOT; };
		444B449D155C378700319EC7 /* Security.framework */ = {isa = PBXFileReference; lastKnownFileType = wrapper.framework; name = Security.framework; path = System/Library/Frameworks/Security.framework; sourceTree = SDKROOT; };
		444B449F155C378D00319EC7 /* CFNetwork.framework */ = {isa = PBXFileReference; lastKnownFileType = wrapper.framework; name = CFNetwork.framework; path = System/Library/Frameworks/CFNetwork.framework; sourceTree = SDKROOT; };
		44562AAB16FE611600428908 /* NSStringAdditions.h */ = {isa = PBXFileReference; fileEncoding = 4; lastKnownFileType = sourcecode.c.h; path = NSStringAdditions.h; sourceTree = "<group>"; };
		44562AAC16FE611600428908 /* NSStringAdditions.m */ = {isa = PBXFileReference; fileEncoding = 4; lastKnownFileType = sourcecode.c.objc; path = NSStringAdditions.m; sourceTree = "<group>"; };
		44562AAD16FE611600428908 /* UIImage+Additions.h */ = {isa = PBXFileReference; fileEncoding = 4; lastKnownFileType = sourcecode.c.h; path = "UIImage+Additions.h"; sourceTree = "<group>"; };
		44562AAE16FE611600428908 /* UIImage+Additions.m */ = {isa = PBXFileReference; fileEncoding = 4; lastKnownFileType = sourcecode.c.objc; path = "UIImage+Additions.m"; sourceTree = "<group>"; };
		44562AB216FE611600428908 /* CustomGestureRecognizer.h */ = {isa = PBXFileReference; fileEncoding = 4; lastKnownFileType = sourcecode.c.h; path = CustomGestureRecognizer.h; sourceTree = "<group>"; };
		44562AB316FE611600428908 /* CustomGestureRecognizer.m */ = {isa = PBXFileReference; fileEncoding = 4; lastKnownFileType = sourcecode.c.objc; path = CustomGestureRecognizer.m; sourceTree = "<group>"; };
		44562AB416FE611600428908 /* TransparentTouchView.h */ = {isa = PBXFileReference; fileEncoding = 4; lastKnownFileType = sourcecode.c.h; path = TransparentTouchView.h; sourceTree = "<group>"; };
		44562AB516FE611600428908 /* TransparentTouchView.mm */ = {isa = PBXFileReference; fileEncoding = 4; lastKnownFileType = sourcecode.cpp.objcpp; path = TransparentTouchView.mm; sourceTree = "<group>"; };
		44562AB616FE611600428908 /* TransparentTouchViewDelegate.h */ = {isa = PBXFileReference; fileEncoding = 4; lastKnownFileType = sourcecode.c.h; path = TransparentTouchViewDelegate.h; sourceTree = "<group>"; };
		44562ABA16FE611600428908 /* KVCBaseObject.h */ = {isa = PBXFileReference; fileEncoding = 4; lastKnownFileType = sourcecode.c.h; path = KVCBaseObject.h; sourceTree = "<group>"; };
		44562ABB16FE611600428908 /* KVCBaseObject.m */ = {isa = PBXFileReference; fileEncoding = 4; lastKnownFileType = sourcecode.c.objc; path = KVCBaseObject.m; sourceTree = "<group>"; };
		44562ABD16FE611600428908 /* AppDelegate.h */ = {isa = PBXFileReference; fileEncoding = 4; lastKnownFileType = sourcecode.c.h; path = AppDelegate.h; sourceTree = "<group>"; };
		44562ABE16FE611600428908 /* AppDelegate.m */ = {isa = PBXFileReference; fileEncoding = 4; lastKnownFileType = sourcecode.c.objc; path = AppDelegate.m; sourceTree = "<group>"; };
		44562ABF16FE611600428908 /* BonjourIface.h */ = {isa = PBXFileReference; fileEncoding = 4; lastKnownFileType = sourcecode.c.h; path = BonjourIface.h; sourceTree = "<group>"; };
		44562AC016FE611600428908 /* BonjourIface.m */ = {isa = PBXFileReference; fileEncoding = 4; lastKnownFileType = sourcecode.c.objc; path = BonjourIface.m; sourceTree = "<group>"; };
		44562AC116FE611600428908 /* GlobalDefaults.h */ = {isa = PBXFileReference; fileEncoding = 4; lastKnownFileType = sourcecode.c.h; path = GlobalDefaults.h; sourceTree = "<group>"; };
		44562AC216FE611600428908 /* GlobalDefaults.m */ = {isa = PBXFileReference; fileEncoding = 4; lastKnownFileType = sourcecode.c.objc; path = GlobalDefaults.m; sourceTree = "<group>"; };
		44562AC316FE611600428908 /* Helper.h */ = {isa = PBXFileReference; fileEncoding = 4; lastKnownFileType = sourcecode.c.h; path = Helper.h; sourceTree = "<group>"; };
		44562AC416FE611600428908 /* Helper.m */ = {isa = PBXFileReference; fileEncoding = 4; lastKnownFileType = sourcecode.c.objc; path = Helper.m; sourceTree = "<group>"; };
		44562AC516FE611600428908 /* Iface.h */ = {isa = PBXFileReference; fileEncoding = 4; lastKnownFileType = sourcecode.c.h; path = Iface.h; sourceTree = "<group>"; };
		44562AC616FE611600428908 /* Iface.m */ = {isa = PBXFileReference; fileEncoding = 4; lastKnownFileType = sourcecode.c.objc; path = Iface.m; sourceTree = "<group>"; };
		44562AC716FE611600428908 /* MainViewController.h */ = {isa = PBXFileReference; fileEncoding = 4; lastKnownFileType = sourcecode.c.h; path = MainViewController.h; sourceTree = "<group>"; };
		44562AC816FE611600428908 /* MainViewController.m */ = {isa = PBXFileReference; fileEncoding = 4; lastKnownFileType = sourcecode.c.objc; path = MainViewController.m; sourceTree = "<group>"; };
		44562AC916FE611600428908 /* MainViewController.xib */ = {isa = PBXFileReference; fileEncoding = 4; lastKnownFileType = file.xib; path = MainViewController.xib; sourceTree = "<group>"; };
		44562ACA16FE611600428908 /* Reachability.h */ = {isa = PBXFileReference; fileEncoding = 4; lastKnownFileType = sourcecode.c.h; path = Reachability.h; sourceTree = "<group>"; };
		44562ACB16FE611600428908 /* Reachability.m */ = {isa = PBXFileReference; fileEncoding = 4; lastKnownFileType = sourcecode.c.objc; path = Reachability.m; sourceTree = "<group>"; };
		44562AD916FE611600428908 /* PasteboardShareController.h */ = {isa = PBXFileReference; fileEncoding = 4; lastKnownFileType = sourcecode.c.h; path = PasteboardShareController.h; sourceTree = "<group>"; };
		44562ADA16FE611600428908 /* PasteboardShareController.m */ = {isa = PBXFileReference; fileEncoding = 4; lastKnownFileType = sourcecode.c.objc; path = PasteboardShareController.m; sourceTree = "<group>"; };
		44562ADB16FE611600428908 /* PicturesShareController.h */ = {isa = PBXFileReference; fileEncoding = 4; lastKnownFileType = sourcecode.c.h; path = PicturesShareController.h; sourceTree = "<group>"; };
		44562ADC16FE611600428908 /* PicturesShareController.m */ = {isa = PBXFileReference; fileEncoding = 4; lastKnownFileType = sourcecode.c.objc; path = PicturesShareController.m; sourceTree = "<group>"; };
		44562ADE16FE611600428908 /* AlbumShareSectionHeader.h */ = {isa = PBXFileReference; fileEncoding = 4; lastKnownFileType = sourcecode.c.h; path = AlbumShareSectionHeader.h; sourceTree = "<group>"; };
		44562ADF16FE611600428908 /* AlbumShareSectionHeader.m */ = {isa = PBXFileReference; fileEncoding = 4; lastKnownFileType = sourcecode.c.objc; path = AlbumShareSectionHeader.m; sourceTree = "<group>"; };
		44562AE016FE611600428908 /* PictureViewCell.h */ = {isa = PBXFileReference; fileEncoding = 4; lastKnownFileType = sourcecode.c.h; path = PictureViewCell.h; sourceTree = "<group>"; };
		44562AE116FE611600428908 /* PictureViewCell.m */ = {isa = PBXFileReference; fileEncoding = 4; lastKnownFileType = sourcecode.c.objc; path = PictureViewCell.m; sourceTree = "<group>"; };
		44562AE216FE611600428908 /* PictureViewCell.xib */ = {isa = PBXFileReference; fileEncoding = 4; lastKnownFileType = file.xib; path = PictureViewCell.xib; sourceTree = "<group>"; };
		44562AE316FE611600428908 /* PicturesPrivateViewController.h */ = {isa = PBXFileReference; fileEncoding = 4; lastKnownFileType = sourcecode.c.h; path = PicturesPrivateViewController.h; sourceTree = "<group>"; };
		44562AE416FE611600428908 /* PicturesPrivateViewController.m */ = {isa = PBXFileReference; fileEncoding = 4; lastKnownFileType = sourcecode.c.objc; path = PicturesPrivateViewController.m; sourceTree = "<group>"; };
		44562AE516FE611600428908 /* ShareController.h */ = {isa = PBXFileReference; fileEncoding = 4; lastKnownFileType = sourcecode.c.h; path = ShareController.h; sourceTree = "<group>"; };
		44562AE616FE611600428908 /* ShareController.m */ = {isa = PBXFileReference; fileEncoding = 4; lastKnownFileType = sourcecode.c.objc; path = ShareController.m; sourceTree = "<group>"; };
		44562AE716FE611600428908 /* TextShareController.h */ = {isa = PBXFileReference; fileEncoding = 4; lastKnownFileType = sourcecode.c.h; path = TextShareController.h; sourceTree = "<group>"; };
		44562AE816FE611600428908 /* TextShareController.m */ = {isa = PBXFileReference; fileEncoding = 4; lastKnownFileType = sourcecode.c.objc; path = TextShareController.m; sourceTree = "<group>"; };
		44562AEA16FE611600428908 /* ALAssetShare.h */ = {isa = PBXFileReference; fileEncoding = 4; lastKnownFileType = sourcecode.c.h; path = ALAssetShare.h; sourceTree = "<group>"; };
		44562AEB16FE611600428908 /* ALAssetShare.m */ = {isa = PBXFileReference; fileEncoding = 4; lastKnownFileType = sourcecode.c.objc; path = ALAssetShare.m; sourceTree = "<group>"; };
		44562AEC16FE611600428908 /* AlbumShare.h */ = {isa = PBXFileReference; fileEncoding = 4; lastKnownFileType = sourcecode.c.h; path = AlbumShare.h; sourceTree = "<group>"; };
		44562AED16FE611600428908 /* AlbumShare.m */ = {isa = PBXFileReference; fileEncoding = 4; lastKnownFileType = sourcecode.c.objc; path = AlbumShare.m; sourceTree = "<group>"; };
		44562AEE16FE611600428908 /* ImageShare.h */ = {isa = PBXFileReference; fileEncoding = 4; lastKnownFileType = sourcecode.c.h; path = ImageShare.h; sourceTree = "<group>"; };
		44562AEF16FE611600428908 /* ImageShare.m */ = {isa = PBXFileReference; fileEncoding = 4; lastKnownFileType = sourcecode.c.objc; path = ImageShare.m; sourceTree = "<group>"; };
		44562AF016FE611600428908 /* PasteboardShare.h */ = {isa = PBXFileReference; fileEncoding = 4; lastKnownFileType = sourcecode.c.h; path = PasteboardShare.h; sourceTree = "<group>"; };
		44562AF116FE611600428908 /* PasteboardShare.m */ = {isa = PBXFileReference; fileEncoding = 4; lastKnownFileType = sourcecode.c.objc; path = PasteboardShare.m; sourceTree = "<group>"; };
		44562AF216FE611600428908 /* PicturesShare.h */ = {isa = PBXFileReference; fileEncoding = 4; lastKnownFileType = sourcecode.c.h; path = PicturesShare.h; sourceTree = "<group>"; };
		44562AF316FE611600428908 /* PicturesShare.m */ = {isa = PBXFileReference; fileEncoding = 4; lastKnownFileType = sourcecode.c.objc; path = PicturesShare.m; sourceTree = "<group>"; };
		44562AF416FE611600428908 /* Share.h */ = {isa = PBXFileReference; fileEncoding = 4; lastKnownFileType = sourcecode.c.h; path = Share.h; sourceTree = "<group>"; };
		44562AF516FE611600428908 /* Share.m */ = {isa = PBXFileReference; fileEncoding = 4; lastKnownFileType = sourcecode.c.objc; path = Share.m; sourceTree = "<group>"; };
		44562AF616FE611600428908 /* SharesProvider.h */ = {isa = PBXFileReference; fileEncoding = 4; lastKnownFileType = sourcecode.c.h; path = SharesProvider.h; sourceTree = "<group>"; };
		44562AF716FE611600428908 /* SharesProvider.m */ = {isa = PBXFileReference; fileEncoding = 4; lastKnownFileType = sourcecode.c.objc; path = SharesProvider.m; sourceTree = "<group>"; };
		44562AF816FE611600428908 /* TextShare.h */ = {isa = PBXFileReference; fileEncoding = 4; lastKnownFileType = sourcecode.c.h; path = TextShare.h; sourceTree = "<group>"; };
		44562AF916FE611600428908 /* TextShare.m */ = {isa = PBXFileReference; fileEncoding = 4; lastKnownFileType = sourcecode.c.objc; path = TextShare.m; sourceTree = "<group>"; };
		44562AFE16FE611600428908 /* BaseCellAdapter.h */ = {isa = PBXFileReference; fileEncoding = 4; lastKnownFileType = sourcecode.c.h; path = BaseCellAdapter.h; sourceTree = "<group>"; };
		44562AFF16FE611600428908 /* BaseCellAdapter.m */ = {isa = PBXFileReference; fileEncoding = 4; lastKnownFileType = sourcecode.c.objc; path = BaseCellAdapter.m; sourceTree = "<group>"; };
		44562B0016FE611600428908 /* IfaceBaseCellAdapter.h */ = {isa = PBXFileReference; fileEncoding = 4; lastKnownFileType = sourcecode.c.h; path = IfaceBaseCellAdapter.h; sourceTree = "<group>"; };
		44562B0116FE611600428908 /* IfaceBaseCellAdapter.m */ = {isa = PBXFileReference; fileEncoding = 4; lastKnownFileType = sourcecode.c.objc; path = IfaceBaseCellAdapter.m; sourceTree = "<group>"; };
		44562B0216FE611600428908 /* ImageCellAdapter.h */ = {isa = PBXFileReference; fileEncoding = 4; lastKnownFileType = sourcecode.c.h; path = ImageCellAdapter.h; sourceTree = "<group>"; };
		44562B0316FE611600428908 /* ImageCellAdapter.m */ = {isa = PBXFileReference; fileEncoding = 4; lastKnownFileType = sourcecode.c.objc; path = ImageCellAdapter.m; sourceTree = "<group>"; };
		44562B0416FE611600428908 /* PasteboardShareImageCellAdapter.h */ = {isa = PBXFileReference; fileEncoding = 4; lastKnownFileType = sourcecode.c.h; path = PasteboardShareImageCellAdapter.h; sourceTree = "<group>"; };
		44562B0516FE611600428908 /* PasteboardShareImageCellAdapter.m */ = {isa = PBXFileReference; fileEncoding = 4; lastKnownFileType = sourcecode.c.objc; path = PasteboardShareImageCellAdapter.m; sourceTree = "<group>"; };
		44562B0616FE611600428908 /* PasteboardShareTextCellAdapter.h */ = {isa = PBXFileReference; fileEncoding = 4; lastKnownFileType = sourcecode.c.h; path = PasteboardShareTextCellAdapter.h; sourceTree = "<group>"; };
		44562B0716FE611600428908 /* PasteboardShareTextCellAdapter.m */ = {isa = PBXFileReference; fileEncoding = 4; lastKnownFileType = sourcecode.c.objc; path = PasteboardShareTextCellAdapter.m; sourceTree = "<group>"; };
		44562B0816FE611600428908 /* ShareSwitchCellAdapter.h */ = {isa = PBXFileReference; fileEncoding = 4; lastKnownFileType = sourcecode.c.h; path = ShareSwitchCellAdapter.h; sourceTree = "<group>"; };
		44562B0916FE611600428908 /* ShareSwitchCellAdapter.m */ = {isa = PBXFileReference; fileEncoding = 4; lastKnownFileType = sourcecode.c.objc; path = ShareSwitchCellAdapter.m; sourceTree = "<group>"; };
		44562B0A16FE611600428908 /* SwitchCellAdapter.h */ = {isa = PBXFileReference; fileEncoding = 4; lastKnownFileType = sourcecode.c.h; path = SwitchCellAdapter.h; sourceTree = "<group>"; };
		44562B0B16FE611600428908 /* SwitchCellAdapter.m */ = {isa = PBXFileReference; fileEncoding = 4; lastKnownFileType = sourcecode.c.objc; path = SwitchCellAdapter.m; sourceTree = "<group>"; };
		44562B0C16FE611600428908 /* TextCellAdapter.h */ = {isa = PBXFileReference; fileEncoding = 4; lastKnownFileType = sourcecode.c.h; path = TextCellAdapter.h; sourceTree = "<group>"; };
		44562B0D16FE611600428908 /* TextCellAdapter.m */ = {isa = PBXFileReference; fileEncoding = 4; lastKnownFileType = sourcecode.c.objc; path = TextCellAdapter.m; sourceTree = "<group>"; };
		44562B0E16FE611600428908 /* TextShareTextCellAdapter.h */ = {isa = PBXFileReference; fileEncoding = 4; lastKnownFileType = sourcecode.c.h; path = TextShareTextCellAdapter.h; sourceTree = "<group>"; };
		44562B0F16FE611600428908 /* TextShareTextCellAdapter.m */ = {isa = PBXFileReference; fileEncoding = 4; lastKnownFileType = sourcecode.c.objc; path = TextShareTextCellAdapter.m; sourceTree = "<group>"; };
		44562B1116FE611600428908 /* AlbumShareCell.h */ = {isa = PBXFileReference; fileEncoding = 4; lastKnownFileType = sourcecode.c.h; path = AlbumShareCell.h; sourceTree = "<group>"; };
		44562B1216FE611600428908 /* AlbumShareCell.m */ = {isa = PBXFileReference; fileEncoding = 4; lastKnownFileType = sourcecode.c.objc; path = AlbumShareCell.m; sourceTree = "<group>"; };
		44562B1316FE611600428908 /* AlbumShareCell.xib */ = {isa = PBXFileReference; fileEncoding = 4; lastKnownFileType = file.xib; path = AlbumShareCell.xib; sourceTree = "<group>"; };
		44562B1416FE611600428908 /* BaseCell.h */ = {isa = PBXFileReference; fileEncoding = 4; lastKnownFileType = sourcecode.c.h; path = BaseCell.h; sourceTree = "<group>"; };
		44562B1516FE611600428908 /* BaseCell.m */ = {isa = PBXFileReference; fileEncoding = 4; lastKnownFileType = sourcecode.c.objc; path = BaseCell.m; sourceTree = "<group>"; };
		44562B1616FE611600428908 /* ImageCell.h */ = {isa = PBXFileReference; fileEncoding = 4; lastKnownFileType = sourcecode.c.h; path = ImageCell.h; sourceTree = "<group>"; };
		44562B1716FE611600428908 /* ImageCell.m */ = {isa = PBXFileReference; fileEncoding = 4; lastKnownFileType = sourcecode.c.objc; path = ImageCell.m; sourceTree = "<group>"; };
		44562B1816FE611600428908 /* ImageCell.xib */ = {isa = PBXFileReference; fileEncoding = 4; lastKnownFileType = file.xib; path = ImageCell.xib; sourceTree = "<group>"; };
		44562B1916FE611600428908 /* ShareCell.h */ = {isa = PBXFileReference; fileEncoding = 4; lastKnownFileType = sourcecode.c.h; path = ShareCell.h; sourceTree = "<group>"; };
		44562B1A16FE611600428908 /* ShareCell.m */ = {isa = PBXFileReference; fileEncoding = 4; lastKnownFileType = sourcecode.c.objc; path = ShareCell.m; sourceTree = "<group>"; };
		44562B1B16FE611600428908 /* ShareCell.xib */ = {isa = PBXFileReference; fileEncoding = 4; lastKnownFileType = file.xib; path = ShareCell.xib; sourceTree = "<group>"; };
		44562B1C16FE611600428908 /* SwitchCell.h */ = {isa = PBXFileReference; fileEncoding = 4; lastKnownFileType = sourcecode.c.h; path = SwitchCell.h; sourceTree = "<group>"; };
		44562B1D16FE611600428908 /* SwitchCell.m */ = {isa = PBXFileReference; fileEncoding = 4; lastKnownFileType = sourcecode.c.objc; path = SwitchCell.m; sourceTree = "<group>"; };
		44562B1E16FE611600428908 /* SwitchCell.xib */ = {isa = PBXFileReference; fileEncoding = 4; lastKnownFileType = file.xib; path = SwitchCell.xib; sourceTree = "<group>"; };
		44562B1F16FE611600428908 /* TextCell.h */ = {isa = PBXFileReference; fileEncoding = 4; lastKnownFileType = sourcecode.c.h; path = TextCell.h; sourceTree = "<group>"; };
		44562B2016FE611600428908 /* TextCell.m */ = {isa = PBXFileReference; fileEncoding = 4; lastKnownFileType = sourcecode.c.objc; path = TextCell.m; sourceTree = "<group>"; };
		44562B2116FE611600428908 /* TextCell.xib */ = {isa = PBXFileReference; fileEncoding = 4; lastKnownFileType = file.xib; path = TextCell.xib; sourceTree = "<group>"; };
		44562B2316FE611600428908 /* CellModel.h */ = {isa = PBXFileReference; fileEncoding = 4; lastKnownFileType = sourcecode.c.h; path = CellModel.h; sourceTree = "<group>"; };
		44562B2416FE611600428908 /* CellModel.m */ = {isa = PBXFileReference; fileEncoding = 4; lastKnownFileType = sourcecode.c.objc; path = CellModel.m; sourceTree = "<group>"; };
		44562B2516FE611600428908 /* SectionModel.h */ = {isa = PBXFileReference; fileEncoding = 4; lastKnownFileType = sourcecode.c.h; path = SectionModel.h; sourceTree = "<group>"; };
		44562B2616FE611600428908 /* SectionModel.m */ = {isa = PBXFileReference; fileEncoding = 4; lastKnownFileType = sourcecode.c.objc; path = SectionModel.m; sourceTree = "<group>"; };
		44562B2716FE611600428908 /* TableModel.h */ = {isa = PBXFileReference; fileEncoding = 4; lastKnownFileType = sourcecode.c.h; path = TableModel.h; sourceTree = "<group>"; };
		44562B2816FE611600428908 /* TableModel.m */ = {isa = PBXFileReference; fileEncoding = 4; lastKnownFileType = sourcecode.c.objc; path = TableModel.m; sourceTree = "<group>"; };
		44562B2916FE611600428908 /* TableModelConstants.h */ = {isa = PBXFileReference; fileEncoding = 4; lastKnownFileType = sourcecode.c.h; path = TableModelConstants.h; sourceTree = "<group>"; };
		44562B2A16FE611600428908 /* TableModelConstants.m */ = {isa = PBXFileReference; fileEncoding = 4; lastKnownFileType = sourcecode.c.objc; path = TableModelConstants.m; sourceTree = "<group>"; };
		44562B3416FE611600428908 /* Default-568h@2x.png */ = {isa = PBXFileReference; lastKnownFileType = image.png; path = "Default-568h@2x.png"; sourceTree = "<group>"; };
		44562B3516FE611600428908 /* Icon.png */ = {isa = PBXFileReference; lastKnownFileType = image.png; path = Icon.png; sourceTree = "<group>"; };
		44562B3616FE611600428908 /* Icon@2x.png */ = {isa = PBXFileReference; lastKnownFileType = image.png; path = "Icon@2x.png"; sourceTree = "<group>"; };
		44562B3716FE611600428908 /* finch-icon.png */ = {isa = PBXFileReference; lastKnownFileType = image.png; path = "finch-icon.png"; sourceTree = "<group>"; };
		44562B3816FE611600428908 /* finch-icon@2x.png */ = {isa = PBXFileReference; lastKnownFileType = image.png; path = "finch-icon@2x.png"; sourceTree = "<group>"; };
		44562B3916FE611600428908 /* finch-text.png */ = {isa = PBXFileReference; lastKnownFileType = image.png; path = "finch-text.png"; sourceTree = "<group>"; };
		44562B3A16FE611600428908 /* finch-text@2x.png */ = {isa = PBXFileReference; lastKnownFileType = image.png; path = "finch-text@2x.png"; sourceTree = "<group>"; };
		44562B3B16FE611600428908 /* icon-pasteboard-inactive.png */ = {isa = PBXFileReference; lastKnownFileType = image.png; path = "icon-pasteboard-inactive.png"; sourceTree = "<group>"; };
		44562B3C16FE611600428908 /* icon-pasteboard-inactive@2x.png */ = {isa = PBXFileReference; lastKnownFileType = image.png; path = "icon-pasteboard-inactive@2x.png"; sourceTree = "<group>"; };
		44562B4316FE611600428908 /* icon-privacy.png */ = {isa = PBXFileReference; lastKnownFileType = image.png; path = "icon-privacy.png"; sourceTree = "<group>"; };
		44562B4416FE611600428908 /* icon-privacy@2x.png */ = {isa = PBXFileReference; lastKnownFileType = image.png; path = "icon-privacy@2x.png"; sourceTree = "<group>"; };
		44562B4516FE611600428908 /* icon-text-inactive.png */ = {isa = PBXFileReference; lastKnownFileType = image.png; path = "icon-text-inactive.png"; sourceTree = "<group>"; };
		44562B4616FE611600428908 /* icon-text-inactive@2x.png */ = {isa = PBXFileReference; lastKnownFileType = image.png; path = "icon-text-inactive@2x.png"; sourceTree = "<group>"; };
		44562BAA16FE615800428908 /* MacroProcessorTest.h */ = {isa = PBXFileReference; fileEncoding = 4; lastKnownFileType = sourcecode.c.h; path = MacroProcessorTest.h; sourceTree = "<group>"; };
		44562BAB16FE615800428908 /* MacroProcessorTest.m */ = {isa = PBXFileReference; fileEncoding = 4; lastKnownFileType = sourcecode.c.objc; path = MacroProcessorTest.m; sourceTree = "<group>"; };
		44562BAC16FE615800428908 /* UnitTests-Info.plist */ = {isa = PBXFileReference; fileEncoding = 4; lastKnownFileType = text.plist.xml; path = "UnitTests-Info.plist"; sourceTree = "<group>"; };
		44562BAD16FE615800428908 /* UnitTests-Prefix.pch */ = {isa = PBXFileReference; fileEncoding = 4; lastKnownFileType = sourcecode.c.h; path = "UnitTests-Prefix.pch"; sourceTree = "<group>"; };
		44562BAE16FE615800428908 /* Finch_Tests.h */ = {isa = PBXFileReference; fileEncoding = 4; lastKnownFileType = sourcecode.c.h; path = Finch_Tests.h; sourceTree = "<group>"; };
		44562BAF16FE615800428908 /* Finch_Tests.m */ = {isa = PBXFileReference; fileEncoding = 4; lastKnownFileType = sourcecode.c.objc; path = Finch_Tests.m; sourceTree = "<group>"; };
		44562BCB16FFB13300428908 /* icon-pasteboard-active.png */ = {isa = PBXFileReference; lastKnownFileType = image.png; path = "icon-pasteboard-active.png"; sourceTree = "<group>"; };
		44562BCC16FFB13300428908 /* icon-pasteboard-active@2x.png */ = {isa = PBXFileReference; lastKnownFileType = image.png; path = "icon-pasteboard-active@2x.png"; sourceTree = "<group>"; };
		44562BCD16FFB13300428908 /* icon-photo-active.png */ = {isa = PBXFileReference; lastKnownFileType = image.png; path = "icon-photo-active.png"; sourceTree = "<group>"; };
		44562BCE16FFB13300428908 /* icon-photo-active@2x.png */ = {isa = PBXFileReference; lastKnownFileType = image.png; path = "icon-photo-active@2x.png"; sourceTree = "<group>"; };
		44562BCF16FFB13300428908 /* icon-photo-inactive.png */ = {isa = PBXFileReference; lastKnownFileType = image.png; path = "icon-photo-inactive.png"; sourceTree = "<group>"; };
		44562BD016FFB13300428908 /* icon-photo-inactive@2x.png */ = {isa = PBXFileReference; lastKnownFileType = image.png; path = "icon-photo-inactive@2x.png"; sourceTree = "<group>"; };
		44562BD116FFB13300428908 /* icon-text-active.png */ = {isa = PBXFileReference; lastKnownFileType = image.png; path = "icon-text-active.png"; sourceTree = "<group>"; };
		44562BD216FFB13300428908 /* icon-text-active@2x.png */ = {isa = PBXFileReference; lastKnownFileType = image.png; path = "icon-text-active@2x.png"; sourceTree = "<group>"; };
		44562BF11700EF3A00428908 /* ColorDefs.h */ = {isa = PBXFileReference; fileEncoding = 4; lastKnownFileType = sourcecode.c.h; path = ColorDefs.h; sourceTree = "<group>"; };
		44562BF21700EF3A00428908 /* DLog.h */ = {isa = PBXFileReference; fileEncoding = 4; lastKnownFileType = sourcecode.c.h; path = DLog.h; sourceTree = "<group>"; };
		44562BF31700EF3A00428908 /* Global.h */ = {isa = PBXFileReference; fileEncoding = 4; lastKnownFileType = sourcecode.c.h; path = Global.h; sourceTree = "<group>"; };
		44562BF41700EF3A00428908 /* Info.plist */ = {isa = PBXFileReference; fileEncoding = 4; lastKnownFileType = text.plist.xml; path = Info.plist; sourceTree = "<group>"; };
		44562BF51700EF3A00428908 /* Prefix.pch */ = {isa = PBXFileReference; fileEncoding = 4; lastKnownFileType = sourcecode.c.h; path = Prefix.pch; sourceTree = "<group>"; };
		44562BF61700EF3A00428908 /* main.m */ = {isa = PBXFileReference; fileEncoding = 4; lastKnownFileType = sourcecode.c.objc; path = main.m; sourceTree = "<group>"; };
		44562BF91700EFC000428908 /* MiscViewController.h */ = {isa = PBXFileReference; fileEncoding = 4; lastKnownFileType = sourcecode.c.h; path = MiscViewController.h; sourceTree = "<group>"; };
		44562BFA1700EFC100428908 /* MiscViewController.m */ = {isa = PBXFileReference; fileEncoding = 4; lastKnownFileType = sourcecode.c.objc; path = MiscViewController.m; sourceTree = "<group>"; };
		44656100170A099D0074AAC3 /* test_templates */ = {isa = PBXFileReference; lastKnownFileType = folder; path = test_templates; sourceTree = "<group>"; };
		44656103170A25020074AAC3 /* IMG_0010.PNG */ = {isa = PBXFileReference; lastKnownFileType = image.png; path = IMG_0010.PNG; sourceTree = "<group>"; };
		44656106170A9FC30074AAC3 /* HTTPAsyncAssetResponse.h */ = {isa = PBXFileReference; fileEncoding = 4; lastKnownFileType = sourcecode.c.h; path = HTTPAsyncAssetResponse.h; sourceTree = "<group>"; };
		44656107170A9FC30074AAC3 /* HTTPAsyncAssetResponse.m */ = {isa = PBXFileReference; fileEncoding = 4; lastKnownFileType = sourcecode.c.objc; path = HTTPAsyncAssetResponse.m; sourceTree = "<group>"; };
		44656108170A9FC30074AAC3 /* HTTPForbiddenResponse.h */ = {isa = PBXFileReference; fileEncoding = 4; lastKnownFileType = sourcecode.c.h; path = HTTPForbiddenResponse.h; sourceTree = "<group>"; };
		44656109170A9FC30074AAC3 /* HTTPForbiddenResponse.m */ = {isa = PBXFileReference; fileEncoding = 4; lastKnownFileType = sourcecode.c.objc; path = HTTPForbiddenResponse.m; sourceTree = "<group>"; };
		4465610A170A9FC30074AAC3 /* MainHTTPConnection.h */ = {isa = PBXFileReference; fileEncoding = 4; lastKnownFileType = sourcecode.c.h; path = MainHTTPConnection.h; sourceTree = "<group>"; };
		4465610B170A9FC30074AAC3 /* MainHTTPConnection.m */ = {isa = PBXFileReference; fileEncoding = 4; lastKnownFileType = sourcecode.c.objc; path = MainHTTPConnection.m; sourceTree = "<group>"; };
		4465610D170A9FC30074AAC3 /* BasicTemplateLoader.h */ = {isa = PBXFileReference; fileEncoding = 4; lastKnownFileType = sourcecode.c.h; path = BasicTemplateLoader.h; sourceTree = "<group>"; };
		4465610E170A9FC30074AAC3 /* BasicTemplateLoader.m */ = {isa = PBXFileReference; fileEncoding = 4; lastKnownFileType = sourcecode.c.objc; path = BasicTemplateLoader.m; sourceTree = "<group>"; };
		4465610F170A9FC30074AAC3 /* MacroPreprocessor.h */ = {isa = PBXFileReference; fileEncoding = 4; lastKnownFileType = sourcecode.c.h; path = MacroPreprocessor.h; sourceTree = "<group>"; };
		44656110170A9FC30074AAC3 /* MacroPreprocessor.m */ = {isa = PBXFileReference; fileEncoding = 4; lastKnownFileType = sourcecode.c.objc; path = MacroPreprocessor.m; sourceTree = "<group>"; };
		44656111170A9FC30074AAC3 /* TemplateLoader.h */ = {isa = PBXFileReference; fileEncoding = 4; lastKnownFileType = sourcecode.c.h; path = TemplateLoader.h; sourceTree = "<group>"; };
		449F850717087DB00065DE9D /* docroot */ = {isa = PBXFileReference; lastKnownFileType = folder; path = docroot; sourceTree = "<group>"; };
		449F850917087DC70065DE9D /* tpl */ = {isa = PBXFileReference; lastKnownFileType = folder; path = tpl; sourceTree = "<group>"; };
		44A79AAE15E0F98000498FBD /* AssetsLibrary.framework */ = {isa = PBXFileReference; lastKnownFileType = wrapper.framework; name = AssetsLibrary.framework; path = System/Library/Frameworks/AssetsLibrary.framework; sourceTree = SDKROOT; };
		44BEA30E1576AFF600A1A7A7 /* UnitTests.octest */ = {isa = PBXFileReference; explicitFileType = wrapper.cfbundle; includeInIndex = 0; path = UnitTests.octest; sourceTree = BUILT_PRODUCTS_DIR; };
		44BEA3201576B15300A1A7A7 /* SenTestingKit.framework */ = {isa = PBXFileReference; lastKnownFileType = wrapper.framework; name = SenTestingKit.framework; path = Library/Frameworks/SenTestingKit.framework; sourceTree = DEVELOPER_DIR; };
		44DF3928170BE7BC001EDC7C /* html */ = {isa = PBXFileReference; lastKnownFileType = folder; path = html; sourceTree = "<group>"; };
		44E958CD170396BD00D1BD03 /* MessageUI.framework */ = {isa = PBXFileReference; lastKnownFileType = wrapper.framework; name = MessageUI.framework; path = System/Library/Frameworks/MessageUI.framework; sourceTree = SDKROOT; };
		44EE822415FFD4EB008C12D6 /* CoreLocation.framework */ = {isa = PBXFileReference; lastKnownFileType = wrapper.framework; name = CoreLocation.framework; path = System/Library/Frameworks/CoreLocation.framework; sourceTree = SDKROOT; };
		44FA0A641710084800BB5BBE /* SiblingSharesProvider.h */ = {isa = PBXFileReference; lastKnownFileType = sourcecode.c.h; path = SiblingSharesProvider.h; sourceTree = "<group>"; };
		44FA0A65171039CE00BB5BBE /* RootShare.h */ = {isa = PBXFileReference; fileEncoding = 4; lastKnownFileType = sourcecode.c.h; path = RootShare.h; sourceTree = "<group>"; };
		44FA0A66171039CE00BB5BBE /* RootShare.m */ = {isa = PBXFileReference; fileEncoding = 4; lastKnownFileType = sourcecode.c.objc; path = RootShare.m; sourceTree = "<group>"; };
		9E0B01861C6F42BE9FBC79BB /* libPods.a */ = {isa = PBXFileReference; explicitFileType = archive.ar; includeInIndex = 0; path = libPods.a; sourceTree = BUILT_PRODUCTS_DIR; };
		F86AAB829A154B7C8FA88101 /* Pods.xcconfig */ = {isa = PBXFileReference; includeInIndex = 1; lastKnownFileType = text.xcconfig; name = Pods.xcconfig; path = Pods/Pods.xcconfig; sourceTree = SOURCE_ROOT; };
/* End PBXFileReference section */

/* Begin PBXFrameworksBuildPhase section */
		444B42CA155C2FD200319EC7 /* Frameworks */ = {
			isa = PBXFrameworksBuildPhase;
			buildActionMask = 2147483647;
			files = (
				44E958CE170396BD00D1BD03 /* MessageUI.framework in Frameworks */,
				44EE822515FFD4EB008C12D6 /* CoreLocation.framework in Frameworks */,
				44A79AAF15E0F98000498FBD /* AssetsLibrary.framework in Frameworks */,
				442EACAB155D9D780032E1B2 /* SystemConfiguration.framework in Frameworks */,
				444B44A0155C378D00319EC7 /* CFNetwork.framework in Frameworks */,
				444B449E155C378700319EC7 /* Security.framework in Frameworks */,
				444B42D2155C2FD200319EC7 /* UIKit.framework in Frameworks */,
				444B42D4155C2FD200319EC7 /* Foundation.framework in Frameworks */,
				444B42D6155C2FD200319EC7 /* CoreGraphics.framework in Frameworks */,
				92BE8ED048B34C0EBE976834 /* libPods.a in Frameworks */,
			);
			runOnlyForDeploymentPostprocessing = 0;
		};
		44BEA30A1576AFF600A1A7A7 /* Frameworks */ = {
			isa = PBXFrameworksBuildPhase;
			buildActionMask = 2147483647;
			files = (
				4464B02E16600B4300166441 /* AssetsLibrary.framework in Frameworks */,
				44B92FA215DD7B33008DBC29 /* CoreGraphics.framework in Frameworks */,
				44BEA3211576B15300A1A7A7 /* SenTestingKit.framework in Frameworks */,
				44BEA3111576AFF600A1A7A7 /* UIKit.framework in Frameworks */,
				44BEA3121576AFF600A1A7A7 /* Foundation.framework in Frameworks */,
			);
			runOnlyForDeploymentPostprocessing = 0;
		};
/* End PBXFrameworksBuildPhase section */

/* Begin PBXGroup section */
		444B42C2155C2FD200319EC7 = {
			isa = PBXGroup;
			children = (
				44DF3928170BE7BC001EDC7C /* html */,
				44562BA916FE615800428908 /* UnitTests */,
				44562AA916FE611600428908 /* Finch */,
				444B42D0155C2FD200319EC7 /* Frameworks */,
				444B42CE155C2FD200319EC7 /* Products */,
				F86AAB829A154B7C8FA88101 /* Pods.xcconfig */,
			);
			sourceTree = "<group>";
		};
		444B42CE155C2FD200319EC7 /* Products */ = {
			isa = PBXGroup;
			children = (
				444B42CD155C2FD200319EC7 /* Finch.app */,
				44BEA30E1576AFF600A1A7A7 /* UnitTests.octest */,
			);
			name = Products;
			sourceTree = "<group>";
		};
		444B42D0155C2FD200319EC7 /* Frameworks */ = {
			isa = PBXGroup;
			children = (
				44E958CD170396BD00D1BD03 /* MessageUI.framework */,
				44EE822415FFD4EB008C12D6 /* CoreLocation.framework */,
				44A79AAE15E0F98000498FBD /* AssetsLibrary.framework */,
				44BEA3201576B15300A1A7A7 /* SenTestingKit.framework */,
				442EACAA155D9D780032E1B2 /* SystemConfiguration.framework */,
				444B449F155C378D00319EC7 /* CFNetwork.framework */,
				444B449D155C378700319EC7 /* Security.framework */,
				444B42D1155C2FD200319EC7 /* UIKit.framework */,
				444B42D3155C2FD200319EC7 /* Foundation.framework */,
				444B42D5155C2FD200319EC7 /* CoreGraphics.framework */,
				9E0B01861C6F42BE9FBC79BB /* libPods.a */,
			);
			name = Frameworks;
			sourceTree = "<group>";
		};
		44562AA916FE611600428908 /* Finch */ = {
			isa = PBXGroup;
			children = (
				44656105170A9FC30074AAC3 /* HTTP */,
				4465610C170A9FC30074AAC3 /* TemplateEngine */,
				44562BF01700EF3A00428908 /* Other */,
				44562AAA16FE611600428908 /* Additions */,
				44562AB116FE611600428908 /* GestureTouchView */,
				44562AB816FE611600428908 /* JSON */,
				44562AB916FE611600428908 /* KVCSerializer */,
				44562ABC16FE611600428908 /* Main */,
				44562AD816FE611600428908 /* ShareControllers */,
				44562AE916FE611600428908 /* ShareModels */,
				44562AFC16FE611600428908 /* TableViews */,
				44562B2E16FE611600428908 /* res */,
			);
			path = Finch;
			sourceTree = "<group>";
		};
		44562AAA16FE611600428908 /* Additions */ = {
			isa = PBXGroup;
			children = (
				44562AAB16FE611600428908 /* NSStringAdditions.h */,
				44562AAC16FE611600428908 /* NSStringAdditions.m */,
				44562AAD16FE611600428908 /* UIImage+Additions.h */,
				44562AAE16FE611600428908 /* UIImage+Additions.m */,
			);
			path = Additions;
			sourceTree = "<group>";
		};
		44562AB116FE611600428908 /* GestureTouchView */ = {
			isa = PBXGroup;
			children = (
				44562AB216FE611600428908 /* CustomGestureRecognizer.h */,
				44562AB316FE611600428908 /* CustomGestureRecognizer.m */,
				44562AB416FE611600428908 /* TransparentTouchView.h */,
				44562AB516FE611600428908 /* TransparentTouchView.mm */,
				44562AB616FE611600428908 /* TransparentTouchViewDelegate.h */,
			);
			path = GestureTouchView;
			sourceTree = "<group>";
		};
		44562AB816FE611600428908 /* JSON */ = {
			isa = PBXGroup;
			children = (
			);
			path = JSON;
			sourceTree = "<group>";
		};
		44562AB916FE611600428908 /* KVCSerializer */ = {
			isa = PBXGroup;
			children = (
				44562ABA16FE611600428908 /* KVCBaseObject.h */,
				44562ABB16FE611600428908 /* KVCBaseObject.m */,
			);
			path = KVCSerializer;
			sourceTree = "<group>";
		};
		44562ABC16FE611600428908 /* Main */ = {
			isa = PBXGroup;
			children = (
				44562ABD16FE611600428908 /* AppDelegate.h */,
				44562ABE16FE611600428908 /* AppDelegate.m */,
				44562ABF16FE611600428908 /* BonjourIface.h */,
				44562AC016FE611600428908 /* BonjourIface.m */,
				44562AC116FE611600428908 /* GlobalDefaults.h */,
				44562AC216FE611600428908 /* GlobalDefaults.m */,
				44562AC316FE611600428908 /* Helper.h */,
				44562AC416FE611600428908 /* Helper.m */,
				44562AC516FE611600428908 /* Iface.h */,
				44562AC616FE611600428908 /* Iface.m */,
				44562AC716FE611600428908 /* MainViewController.h */,
				44562AC816FE611600428908 /* MainViewController.m */,
				44562AC916FE611600428908 /* MainViewController.xib */,
				44562ACA16FE611600428908 /* Reachability.h */,
				44562ACB16FE611600428908 /* Reachability.m */,
				44562BF91700EFC000428908 /* MiscViewController.h */,
				44562BFA1700EFC100428908 /* MiscViewController.m */,
			);
			path = Main;
			sourceTree = "<group>";
		};
		44562AD816FE611600428908 /* ShareControllers */ = {
			isa = PBXGroup;
			children = (
				44562AD916FE611600428908 /* PasteboardShareController.h */,
				44562ADA16FE611600428908 /* PasteboardShareController.m */,
				44562ADB16FE611600428908 /* PicturesShareController.h */,
				44562ADC16FE611600428908 /* PicturesShareController.m */,
				44562ADD16FE611600428908 /* PrivatePictureSelection */,
				44562AE516FE611600428908 /* ShareController.h */,
				44562AE616FE611600428908 /* ShareController.m */,
				44562AE716FE611600428908 /* TextShareController.h */,
				44562AE816FE611600428908 /* TextShareController.m */,
			);
			path = ShareControllers;
			sourceTree = "<group>";
		};
		44562ADD16FE611600428908 /* PrivatePictureSelection */ = {
			isa = PBXGroup;
			children = (
				44562ADE16FE611600428908 /* AlbumShareSectionHeader.h */,
				44562ADF16FE611600428908 /* AlbumShareSectionHeader.m */,
				44562AE016FE611600428908 /* PictureViewCell.h */,
				44562AE116FE611600428908 /* PictureViewCell.m */,
				44562AE216FE611600428908 /* PictureViewCell.xib */,
				44562AE316FE611600428908 /* PicturesPrivateViewController.h */,
				44562AE416FE611600428908 /* PicturesPrivateViewController.m */,
			);
			path = PrivatePictureSelection;
			sourceTree = "<group>";
		};
		44562AE916FE611600428908 /* ShareModels */ = {
			isa = PBXGroup;
			children = (
				44562AEA16FE611600428908 /* ALAssetShare.h */,
				44562AEB16FE611600428908 /* ALAssetShare.m */,
				44562AEC16FE611600428908 /* AlbumShare.h */,
				44562AED16FE611600428908 /* AlbumShare.m */,
				44562AEE16FE611600428908 /* ImageShare.h */,
				44562AEF16FE611600428908 /* ImageShare.m */,
				44562AF016FE611600428908 /* PasteboardShare.h */,
				44562AF116FE611600428908 /* PasteboardShare.m */,
				44562AF216FE611600428908 /* PicturesShare.h */,
				44562AF316FE611600428908 /* PicturesShare.m */,
				44562AF416FE611600428908 /* Share.h */,
				44562AF516FE611600428908 /* Share.m */,
				44562AF616FE611600428908 /* SharesProvider.h */,
				44562AF716FE611600428908 /* SharesProvider.m */,
				44562AF816FE611600428908 /* TextShare.h */,
				44562AF916FE611600428908 /* TextShare.m */,
				44FA0A641710084800BB5BBE /* SiblingSharesProvider.h */,
				44FA0A65171039CE00BB5BBE /* RootShare.h */,
				44FA0A66171039CE00BB5BBE /* RootShare.m */,
			);
			path = ShareModels;
			sourceTree = "<group>";
		};
		44562AFC16FE611600428908 /* TableViews */ = {
			isa = PBXGroup;
			children = (
				44562AFD16FE611600428908 /* CellModelAdapter */,
				44562B1016FE611600428908 /* Cells */,
				44562B2216FE611600428908 /* Models */,
			);
			path = TableViews;
			sourceTree = "<group>";
		};
		44562AFD16FE611600428908 /* CellModelAdapter */ = {
			isa = PBXGroup;
			children = (
				44562AFE16FE611600428908 /* BaseCellAdapter.h */,
				44562AFF16FE611600428908 /* BaseCellAdapter.m */,
				44562B0016FE611600428908 /* IfaceBaseCellAdapter.h */,
				44562B0116FE611600428908 /* IfaceBaseCellAdapter.m */,
				44562B0216FE611600428908 /* ImageCellAdapter.h */,
				44562B0316FE611600428908 /* ImageCellAdapter.m */,
				44562B0416FE611600428908 /* PasteboardShareImageCellAdapter.h */,
				44562B0516FE611600428908 /* PasteboardShareImageCellAdapter.m */,
				44562B0616FE611600428908 /* PasteboardShareTextCellAdapter.h */,
				44562B0716FE611600428908 /* PasteboardShareTextCellAdapter.m */,
				44562B0816FE611600428908 /* ShareSwitchCellAdapter.h */,
				44562B0916FE611600428908 /* ShareSwitchCellAdapter.m */,
				44562B0A16FE611600428908 /* SwitchCellAdapter.h */,
				44562B0B16FE611600428908 /* SwitchCellAdapter.m */,
				44562B0C16FE611600428908 /* TextCellAdapter.h */,
				44562B0D16FE611600428908 /* TextCellAdapter.m */,
				44562B0E16FE611600428908 /* TextShareTextCellAdapter.h */,
				44562B0F16FE611600428908 /* TextShareTextCellAdapter.m */,
			);
			path = CellModelAdapter;
			sourceTree = "<group>";
		};
		44562B1016FE611600428908 /* Cells */ = {
			isa = PBXGroup;
			children = (
				44562B1116FE611600428908 /* AlbumShareCell.h */,
				44562B1216FE611600428908 /* AlbumShareCell.m */,
				44562B1316FE611600428908 /* AlbumShareCell.xib */,
				44562B1416FE611600428908 /* BaseCell.h */,
				44562B1516FE611600428908 /* BaseCell.m */,
				44562B1616FE611600428908 /* ImageCell.h */,
				44562B1716FE611600428908 /* ImageCell.m */,
				44562B1816FE611600428908 /* ImageCell.xib */,
				44562B1916FE611600428908 /* ShareCell.h */,
				44562B1A16FE611600428908 /* ShareCell.m */,
				44562B1B16FE611600428908 /* ShareCell.xib */,
				44562B1C16FE611600428908 /* SwitchCell.h */,
				44562B1D16FE611600428908 /* SwitchCell.m */,
				44562B1E16FE611600428908 /* SwitchCell.xib */,
				44562B1F16FE611600428908 /* TextCell.h */,
				44562B2016FE611600428908 /* TextCell.m */,
				44562B2116FE611600428908 /* TextCell.xib */,
			);
			path = Cells;
			sourceTree = "<group>";
		};
		44562B2216FE611600428908 /* Models */ = {
			isa = PBXGroup;
			children = (
				44562B2316FE611600428908 /* CellModel.h */,
				44562B2416FE611600428908 /* CellModel.m */,
				44562B2516FE611600428908 /* SectionModel.h */,
				44562B2616FE611600428908 /* SectionModel.m */,
				44562B2716FE611600428908 /* TableModel.h */,
				44562B2816FE611600428908 /* TableModel.m */,
				44562B2916FE611600428908 /* TableModelConstants.h */,
				44562B2A16FE611600428908 /* TableModelConstants.m */,
			);
			path = Models;
			sourceTree = "<group>";
		};
		44562B2E16FE611600428908 /* res */ = {
			isa = PBXGroup;
			children = (
				44562B3316FE611600428908 /* graphics */,
				449F850917087DC70065DE9D /* tpl */,
				449F850717087DB00065DE9D /* docroot */,
			);
			path = res;
			sourceTree = "<group>";
		};
		44562B3316FE611600428908 /* graphics */ = {
			isa = PBXGroup;
			children = (
				44562BCB16FFB13300428908 /* icon-pasteboard-active.png */,
				44562BCC16FFB13300428908 /* icon-pasteboard-active@2x.png */,
				44562BCD16FFB13300428908 /* icon-photo-active.png */,
				44562BCE16FFB13300428908 /* icon-photo-active@2x.png */,
				44562BCF16FFB13300428908 /* icon-photo-inactive.png */,
				44562BD016FFB13300428908 /* icon-photo-inactive@2x.png */,
				44562BD116FFB13300428908 /* icon-text-active.png */,
				44562BD216FFB13300428908 /* icon-text-active@2x.png */,
				44562B3416FE611600428908 /* Default-568h@2x.png */,
				44562B3516FE611600428908 /* Icon.png */,
				44562B3616FE611600428908 /* Icon@2x.png */,
				44562B3716FE611600428908 /* finch-icon.png */,
				44562B3816FE611600428908 /* finch-icon@2x.png */,
				44562B3916FE611600428908 /* finch-text.png */,
				44562B3A16FE611600428908 /* finch-text@2x.png */,
				44562B3B16FE611600428908 /* icon-pasteboard-inactive.png */,
				44562B3C16FE611600428908 /* icon-pasteboard-inactive@2x.png */,
				44562B4316FE611600428908 /* icon-privacy.png */,
				44562B4416FE611600428908 /* icon-privacy@2x.png */,
				44562B4516FE611600428908 /* icon-text-inactive.png */,
				44562B4616FE611600428908 /* icon-text-inactive@2x.png */,
			);
			path = graphics;
			sourceTree = "<group>";
		};
		44562BA916FE615800428908 /* UnitTests */ = {
			isa = PBXGroup;
			children = (
				44656100170A099D0074AAC3 /* test_templates */,
				44562BAA16FE615800428908 /* MacroProcessorTest.h */,
				44562BAB16FE615800428908 /* MacroProcessorTest.m */,
				44562BAC16FE615800428908 /* UnitTests-Info.plist */,
				44562BAD16FE615800428908 /* UnitTests-Prefix.pch */,
				44562BAE16FE615800428908 /* Finch_Tests.h */,
				44562BAF16FE615800428908 /* Finch_Tests.m */,
				44656103170A25020074AAC3 /* IMG_0010.PNG */,
			);
			path = UnitTests;
			sourceTree = "<group>";
		};
		44562BF01700EF3A00428908 /* Other */ = {
			isa = PBXGroup;
			children = (
				44562BF11700EF3A00428908 /* ColorDefs.h */,
				44562BF21700EF3A00428908 /* DLog.h */,
				44562BF31700EF3A00428908 /* Global.h */,
				44562BF41700EF3A00428908 /* Info.plist */,
				44562BF51700EF3A00428908 /* Prefix.pch */,
				44562BF61700EF3A00428908 /* main.m */,
			);
			path = Other;
			sourceTree = "<group>";
		};
		44656105170A9FC30074AAC3 /* HTTP */ = {
			isa = PBXGroup;
			children = (
				44656106170A9FC30074AAC3 /* HTTPAsyncAssetResponse.h */,
				44656107170A9FC30074AAC3 /* HTTPAsyncAssetResponse.m */,
				44656108170A9FC30074AAC3 /* HTTPForbiddenResponse.h */,
				44656109170A9FC30074AAC3 /* HTTPForbiddenResponse.m */,
				4465610A170A9FC30074AAC3 /* MainHTTPConnection.h */,
				4465610B170A9FC30074AAC3 /* MainHTTPConnection.m */,
			);
			path = HTTP;
			sourceTree = "<group>";
		};
		4465610C170A9FC30074AAC3 /* TemplateEngine */ = {
			isa = PBXGroup;
			children = (
				4465610D170A9FC30074AAC3 /* BasicTemplateLoader.h */,
				4465610E170A9FC30074AAC3 /* BasicTemplateLoader.m */,
				4465610F170A9FC30074AAC3 /* MacroPreprocessor.h */,
				44656110170A9FC30074AAC3 /* MacroPreprocessor.m */,
				44656111170A9FC30074AAC3 /* TemplateLoader.h */,
			);
			path = TemplateEngine;
			sourceTree = "<group>";
		};
/* End PBXGroup section */

/* Begin PBXNativeTarget section */
		444B42CC155C2FD200319EC7 /* Finch */ = {
			isa = PBXNativeTarget;
			buildConfigurationList = 444B42EB155C2FD200319EC7 /* Build configuration list for PBXNativeTarget "Finch" */;
			buildPhases = (
				444B42C9155C2FD200319EC7 /* Sources */,
				444B42CA155C2FD200319EC7 /* Frameworks */,
				444B42CB155C2FD200319EC7 /* Resources */,
				DAAA94C5387943FD986BE367 /* Copy Pods Resources */,
			);
			buildRules = (
			);
			dependencies = (
			);
			name = Finch;
			productName = Sharit;
			productReference = 444B42CD155C2FD200319EC7 /* Finch.app */;
			productType = "com.apple.product-type.application";
		};
		44BEA30D1576AFF600A1A7A7 /* UnitTests */ = {
			isa = PBXNativeTarget;
			buildConfigurationList = 44BEA31D1576AFF600A1A7A7 /* Build configuration list for PBXNativeTarget "UnitTests" */;
			buildPhases = (
				44BEA3091576AFF600A1A7A7 /* Sources */,
				44BEA30A1576AFF600A1A7A7 /* Frameworks */,
				44BEA30B1576AFF600A1A7A7 /* Resources */,
				44BEA30C1576AFF600A1A7A7 /* ShellScript */,
			);
			buildRules = (
			);
			dependencies = (
			);
			name = UnitTests;
			productName = Sharit_Tests;
			productReference = 44BEA30E1576AFF600A1A7A7 /* UnitTests.octest */;
			productType = "com.apple.product-type.bundle";
		};
/* End PBXNativeTarget section */

/* Begin PBXProject section */
		444B42C4155C2FD200319EC7 /* Project object */ = {
			isa = PBXProject;
			attributes = {
				LastUpgradeCheck = 0460;
			};
			buildConfigurationList = 444B42C7155C2FD200319EC7 /* Build configuration list for PBXProject "Finch" */;
			compatibilityVersion = "Xcode 3.2";
			developmentRegion = English;
			hasScannedForEncodings = 0;
			knownRegions = (
				en,
				English,
			);
			mainGroup = 444B42C2155C2FD200319EC7;
			productRefGroup = 444B42CE155C2FD200319EC7 /* Products */;
			projectDirPath = "";
			projectRoot = "";
			targets = (
				444B42CC155C2FD200319EC7 /* Finch */,
				44BEA30D1576AFF600A1A7A7 /* UnitTests */,
			);
		};
/* End PBXProject section */

/* Begin PBXResourcesBuildPhase section */
		444B42CB155C2FD200319EC7 /* Resources */ = {
			isa = PBXResourcesBuildPhase;
			buildActionMask = 2147483647;
			files = (
				44562B5A16FE611600428908 /* MainViewController.xib in Resources */,
				44562B6516FE611600428908 /* PictureViewCell.xib in Resources */,
				44562B7C16FE611600428908 /* AlbumShareCell.xib in Resources */,
				44562B7F16FE611600428908 /* ImageCell.xib in Resources */,
				44562B8116FE611600428908 /* ShareCell.xib in Resources */,
				44562B8316FE611600428908 /* SwitchCell.xib in Resources */,
				44562B8516FE611600428908 /* TextCell.xib in Resources */,
				44562B8F16FE611600428908 /* Default-568h@2x.png in Resources */,
				44562B9016FE611600428908 /* Icon.png in Resources */,
				44562B9116FE611600428908 /* Icon@2x.png in Resources */,
				44562B9216FE611600428908 /* finch-icon.png in Resources */,
				44562B9316FE611600428908 /* finch-icon@2x.png in Resources */,
				44562B9416FE611600428908 /* finch-text.png in Resources */,
				44562B9516FE611600428908 /* finch-text@2x.png in Resources */,
				44562B9616FE611600428908 /* icon-pasteboard-inactive.png in Resources */,
				44562B9716FE611600428908 /* icon-pasteboard-inactive@2x.png in Resources */,
				44562B9E16FE611600428908 /* icon-privacy.png in Resources */,
				44562B9F16FE611600428908 /* icon-privacy@2x.png in Resources */,
				44562BA016FE611600428908 /* icon-text-inactive.png in Resources */,
				44562BA116FE611600428908 /* icon-text-inactive@2x.png in Resources */,
				44562BD316FFB13300428908 /* icon-pasteboard-active.png in Resources */,
				44562BD416FFB13300428908 /* icon-pasteboard-active@2x.png in Resources */,
				44562BD516FFB13300428908 /* icon-photo-active.png in Resources */,
				44562BD616FFB13300428908 /* icon-photo-active@2x.png in Resources */,
				44562BD716FFB13300428908 /* icon-photo-inactive.png in Resources */,
				44562BD816FFB13300428908 /* icon-photo-inactive@2x.png in Resources */,
				44562BD916FFB13300428908 /* icon-text-active.png in Resources */,
				44562BDA16FFB13300428908 /* icon-text-active@2x.png in Resources */,
				449F850817087DB00065DE9D /* docroot in Resources */,
				449F850A17087DC70065DE9D /* tpl in Resources */,
			);
			runOnlyForDeploymentPostprocessing = 0;
		};
		44BEA30B1576AFF600A1A7A7 /* Resources */ = {
			isa = PBXResourcesBuildPhase;
			buildActionMask = 2147483647;
			files = (
				44656101170A099D0074AAC3 /* test_templates in Resources */,
				44656104170A25020074AAC3 /* IMG_0010.PNG in Resources */,
			);
			runOnlyForDeploymentPostprocessing = 0;
		};
/* End PBXResourcesBuildPhase section */

/* Begin PBXShellScriptBuildPhase section */
		44BEA30C1576AFF600A1A7A7 /* ShellScript */ = {
			isa = PBXShellScriptBuildPhase;
			buildActionMask = 2147483647;
			files = (
			);
			inputPaths = (
			);
			outputPaths = (
			);
			runOnlyForDeploymentPostprocessing = 0;
			shellPath = /bin/sh;
			shellScript = "# Run the unit tests in this test bundle.\n\"${SYSTEM_DEVELOPER_DIR}/Tools/RunUnitTests\"\n";
		};
		DAAA94C5387943FD986BE367 /* Copy Pods Resources */ = {
			isa = PBXShellScriptBuildPhase;
			buildActionMask = 2147483647;
			files = (
			);
			inputPaths = (
			);
			name = "Copy Pods Resources";
			outputPaths = (
			);
			runOnlyForDeploymentPostprocessing = 0;
			shellPath = /bin/sh;
			shellScript = "\"${SRCROOT}/Pods/Pods-resources.sh\"\n";
		};
/* End PBXShellScriptBuildPhase section */

/* Begin PBXSourcesBuildPhase section */
		444B42C9155C2FD200319EC7 /* Sources */ = {
			isa = PBXSourcesBuildPhase;
			buildActionMask = 2147483647;
			files = (
				44562B4F16FE611600428908 /* NSStringAdditions.m in Sources */,
				44562B5016FE611600428908 /* UIImage+Additions.m in Sources */,
				44562B5116FE611600428908 /* CustomGestureRecognizer.m in Sources */,
				44562B5216FE611600428908 /* TransparentTouchView.mm in Sources */,
				44562B5316FE611600428908 /* KVCBaseObject.m in Sources */,
				44562B5416FE611600428908 /* AppDelegate.m in Sources */,
				44562B5516FE611600428908 /* BonjourIface.m in Sources */,
				44562B5616FE611600428908 /* GlobalDefaults.m in Sources */,
				44562B5716FE611600428908 /* Helper.m in Sources */,
				44562B5816FE611600428908 /* Iface.m in Sources */,
				44562B5916FE611600428908 /* MainViewController.m in Sources */,
				44562B5B16FE611600428908 /* Reachability.m in Sources */,
				44562B6116FE611600428908 /* PasteboardShareController.m in Sources */,
				44562B6216FE611600428908 /* PicturesShareController.m in Sources */,
				44562B6316FE611600428908 /* AlbumShareSectionHeader.m in Sources */,
				44562B6416FE611600428908 /* PictureViewCell.m in Sources */,
				44562B6616FE611600428908 /* PicturesPrivateViewController.m in Sources */,
				44562B6716FE611600428908 /* ShareController.m in Sources */,
				44562B6816FE611600428908 /* TextShareController.m in Sources */,
				44562B6916FE611600428908 /* ALAssetShare.m in Sources */,
				44562B6A16FE611600428908 /* AlbumShare.m in Sources */,
				44562B6B16FE611600428908 /* ImageShare.m in Sources */,
				44562B6C16FE611600428908 /* PasteboardShare.m in Sources */,
				44562B6D16FE611600428908 /* PicturesShare.m in Sources */,
				44562B6E16FE611600428908 /* Share.m in Sources */,
				44562B6F16FE611600428908 /* SharesProvider.m in Sources */,
				44562B7016FE611600428908 /* TextShare.m in Sources */,
				44562B7216FE611600428908 /* BaseCellAdapter.m in Sources */,
				44562B7316FE611600428908 /* IfaceBaseCellAdapter.m in Sources */,
				44562B7416FE611600428908 /* ImageCellAdapter.m in Sources */,
				44562B7516FE611600428908 /* PasteboardShareImageCellAdapter.m in Sources */,
				44562B7616FE611600428908 /* PasteboardShareTextCellAdapter.m in Sources */,
				44562B7716FE611600428908 /* ShareSwitchCellAdapter.m in Sources */,
				44562B7816FE611600428908 /* SwitchCellAdapter.m in Sources */,
				44562B7916FE611600428908 /* TextCellAdapter.m in Sources */,
				44562B7A16FE611600428908 /* TextShareTextCellAdapter.m in Sources */,
				44562B7B16FE611600428908 /* AlbumShareCell.m in Sources */,
				44562B7D16FE611600428908 /* BaseCell.m in Sources */,
				44562B7E16FE611600428908 /* ImageCell.m in Sources */,
				44562B8016FE611600428908 /* ShareCell.m in Sources */,
				44562B8216FE611600428908 /* SwitchCell.m in Sources */,
				44562B8416FE611600428908 /* TextCell.m in Sources */,
				44562B8616FE611600428908 /* CellModel.m in Sources */,
				44562B8716FE611600428908 /* SectionModel.m in Sources */,
				44562B8816FE611600428908 /* TableModel.m in Sources */,
				44562B8916FE611600428908 /* TableModelConstants.m in Sources */,
				44562BF81700EF3A00428908 /* main.m in Sources */,
				44562BFB1700EFC100428908 /* MiscViewController.m in Sources */,
				44656112170A9FC30074AAC3 /* HTTPAsyncAssetResponse.m in Sources */,
				44656113170A9FC30074AAC3 /* HTTPForbiddenResponse.m in Sources */,
				44656114170A9FC30074AAC3 /* MainHTTPConnection.m in Sources */,
				44656115170A9FC30074AAC3 /* BasicTemplateLoader.m in Sources */,
				44656116170A9FC30074AAC3 /* MacroPreprocessor.m in Sources */,
				44FA0A67171039CE00BB5BBE /* RootShare.m in Sources */,
			);
			runOnlyForDeploymentPostprocessing = 0;
		};
		44BEA3091576AFF600A1A7A7 /* Sources */ = {
			isa = PBXSourcesBuildPhase;
			buildActionMask = 2147483647;
			files = (
				44562BB916FE617000428908 /* MacroProcessorTest.m in Sources */,
				44562BBB16FE617B00428908 /* Finch_Tests.m in Sources */,
				44562BBD16FE678A00428908 /* ALAssetShare.m in Sources */,
				44562BBF16FE67A300428908 /* ImageShare.m in Sources */,
				44562BC116FE67CB00428908 /* Share.m in Sources */,
				44562BC416FE67D300428908 /* PasteboardShare.m in Sources */,
				44656102170A242B0074AAC3 /* NSStringAdditions.m in Sources */,
				44656117170A9FCB0074AAC3 /* BasicTemplateLoader.m in Sources */,
				44656118170A9FCB0074AAC3 /* MacroPreprocessor.m in Sources */,
			);
			runOnlyForDeploymentPostprocessing = 0;
		};
/* End PBXSourcesBuildPhase section */

/* Begin XCBuildConfiguration section */
		444B42E9155C2FD200319EC7 /* Debug */ = {
			isa = XCBuildConfiguration;
			buildSettings = {
				ALWAYS_SEARCH_USER_PATHS = NO;
				ARCHS = "$(ARCHS_STANDARD_32_BIT)";
				CLANG_ENABLE_OBJC_ARC = YES;
				CLANG_WARN_CONSTANT_CONVERSION = YES;
				CLANG_WARN_ENUM_CONVERSION = YES;
				CLANG_WARN_INT_CONVERSION = YES;
				CLANG_WARN__DUPLICATE_METHOD_MATCH = YES;
				"CODE_SIGN_IDENTITY[sdk=iphoneos*]" = "iPhone Developer";
				COPY_PHASE_STRIP = NO;
				GCC_C_LANGUAGE_STANDARD = gnu99;
				GCC_DYNAMIC_NO_PIC = NO;
				GCC_OPTIMIZATION_LEVEL = 0;
				GCC_PREPROCESSOR_DEFINITIONS = (
					"DEBUG=1",
					"$(inherited)",
				);
				GCC_SYMBOLS_PRIVATE_EXTERN = NO;
				GCC_VERSION = com.apple.compilers.llvm.clang.1_0;
				GCC_WARN_ABOUT_RETURN_TYPE = YES;
				GCC_WARN_UNINITIALIZED_AUTOS = YES;
				GCC_WARN_UNUSED_VARIABLE = YES;
				IPHONEOS_DEPLOYMENT_TARGET = 5.1;
				PRODUCT_NAME = Finch;
				SDKROOT = iphoneos;
			};
			name = Debug;
		};
		444B42EA155C2FD200319EC7 /* Release */ = {
			isa = XCBuildConfiguration;
			buildSettings = {
				ALWAYS_SEARCH_USER_PATHS = NO;
				ARCHS = "$(ARCHS_STANDARD_32_BIT)";
				CLANG_ENABLE_OBJC_ARC = YES;
				CLANG_WARN_CONSTANT_CONVERSION = YES;
				CLANG_WARN_ENUM_CONVERSION = YES;
				CLANG_WARN_INT_CONVERSION = YES;
				CLANG_WARN__DUPLICATE_METHOD_MATCH = YES;
				"CODE_SIGN_IDENTITY[sdk=iphoneos*]" = "iPhone Developer";
				COPY_PHASE_STRIP = YES;
				GCC_C_LANGUAGE_STANDARD = gnu99;
				GCC_VERSION = com.apple.compilers.llvm.clang.1_0;
				GCC_WARN_ABOUT_RETURN_TYPE = YES;
				GCC_WARN_UNINITIALIZED_AUTOS = YES;
				GCC_WARN_UNUSED_VARIABLE = YES;
				IPHONEOS_DEPLOYMENT_TARGET = 5.1;
				OTHER_CFLAGS = "-DNS_BLOCK_ASSERTIONS=1";
				PRODUCT_NAME = Finch;
				SDKROOT = iphoneos;
				VALIDATE_PRODUCT = YES;
			};
			name = Release;
		};
		444B42EC155C2FD200319EC7 /* Debug */ = {
			isa = XCBuildConfiguration;
			baseConfigurationReference = F86AAB829A154B7C8FA88101 /* Pods.xcconfig */;
			buildSettings = {
				GCC_PRECOMPILE_PREFIX_HEADER = YES;
				GCC_PREFIX_HEADER = Finch/Other/Prefix.pch;
				INFOPLIST_FILE = "$(SRCROOT)/Finch/Other/Info.plist";
				IPHONEOS_DEPLOYMENT_TARGET = 6.0;
				WRAPPER_EXTENSION = app;
			};
			name = Debug;
		};
		444B42ED155C2FD200319EC7 /* Release */ = {
			isa = XCBuildConfiguration;
			baseConfigurationReference = F86AAB829A154B7C8FA88101 /* Pods.xcconfig */;
			buildSettings = {
				GCC_PRECOMPILE_PREFIX_HEADER = YES;
				GCC_PREFIX_HEADER = Finch/Other/Prefix.pch;
				INFOPLIST_FILE = "$(SRCROOT)/Finch/Other/Info.plist";
				IPHONEOS_DEPLOYMENT_TARGET = 6.0;
				WRAPPER_EXTENSION = app;
			};
			name = Release;
		};
		44BEA31E1576AFF600A1A7A7 /* Debug */ = {
			isa = XCBuildConfiguration;
			buildSettings = {
				FRAMEWORK_SEARCH_PATHS = (
					"$(SDKROOT)/Developer/Library/Frameworks",
					"$(DEVELOPER_LIBRARY_DIR)/Frameworks",
				);
				GCC_PRECOMPILE_PREFIX_HEADER = YES;
				GCC_PREFIX_HEADER = "UnitTests/UnitTests-Prefix.pch";
				INFOPLIST_FILE = "UnitTests/UnitTests-Info.plist";
				PRODUCT_NAME = "$(TARGET_NAME)";
				WRAPPER_EXTENSION = octest;
			};
			name = Debug;
		};
		44BEA31F1576AFF600A1A7A7 /* Release */ = {
			isa = XCBuildConfiguration;
			buildSettings = {
				FRAMEWORK_SEARCH_PATHS = (
					"$(SDKROOT)/Developer/Library/Frameworks",
					"$(DEVELOPER_LIBRARY_DIR)/Frameworks",
				);
				GCC_PRECOMPILE_PREFIX_HEADER = YES;
				GCC_PREFIX_HEADER = "UnitTests/UnitTests-Prefix.pch";
				INFOPLIST_FILE = "UnitTests/UnitTests-Info.plist";
				PRODUCT_NAME = "$(TARGET_NAME)";
				WRAPPER_EXTENSION = octest;
			};
			name = Release;
		};
/* End XCBuildConfiguration section */

/* Begin XCConfigurationList section */
		444B42C7155C2FD200319EC7 /* Build configuration list for PBXProject "Finch" */ = {
			isa = XCConfigurationList;
			buildConfigurations = (
				444B42E9155C2FD200319EC7 /* Debug */,
				444B42EA155C2FD200319EC7 /* Release */,
			);
			defaultConfigurationIsVisible = 0;
			defaultConfigurationName = Release;
		};
		444B42EB155C2FD200319EC7 /* Build configuration list for PBXNativeTarget "Finch" */ = {
			isa = XCConfigurationList;
			buildConfigurations = (
				444B42EC155C2FD200319EC7 /* Debug */,
				444B42ED155C2FD200319EC7 /* Release */,
			);
			defaultConfigurationIsVisible = 0;
			defaultConfigurationName = Release;
		};
		44BEA31D1576AFF600A1A7A7 /* Build configuration list for PBXNativeTarget "UnitTests" */ = {
			isa = XCConfigurationList;
			buildConfigurations = (
				44BEA31E1576AFF600A1A7A7 /* Debug */,
				44BEA31F1576AFF600A1A7A7 /* Release */,
			);
			defaultConfigurationIsVisible = 0;
			defaultConfigurationName = Release;
		};
/* End XCConfigurationList section */
	};
	rootObject = 444B42C4155C2FD200319EC7 /* Project object */;
}
