<?xml version="1.0" encoding="UTF-8"?>
<!DOCTYPE plist PUBLIC "-//Apple//DTD PLIST 1.0//EN" "http://www.apple.com/DTDs/PropertyList-1.0.dtd">
<plist version="1.0">
<dict>
	<key>archiveVersion</key>
	<string>1</string>
	<key>classes</key>
	<dict/>
	<key>objectVersion</key>
	<string>46</string>
	<key>objects</key>
	<dict>
		<key>442EAC9F155D96E00032E1B2</key>
		<dict>
			<key>children</key>
			<array>
				<string>442EADA41567C1DE0032E1B2</string>
				<string>442EAD7715658B470032E1B2</string>
				<string>442EACD11561A33D0032E1B2</string>
			</array>
			<key>isa</key>
			<string>PBXGroup</string>
			<key>path</key>
			<string>res</string>
			<key>sourceTree</key>
			<string>&lt;group&gt;</string>
		</dict>
		<key>442EACAA155D9D780032E1B2</key>
		<dict>
			<key>isa</key>
			<string>PBXFileReference</string>
			<key>lastKnownFileType</key>
			<string>wrapper.framework</string>
			<key>name</key>
			<string>SystemConfiguration.framework</string>
			<key>path</key>
			<string>System/Library/Frameworks/SystemConfiguration.framework</string>
			<key>sourceTree</key>
			<string>SDKROOT</string>
		</dict>
		<key>442EACAB155D9D780032E1B2</key>
		<dict>
			<key>fileRef</key>
			<string>442EACAA155D9D780032E1B2</string>
			<key>isa</key>
			<string>PBXBuildFile</string>
		</dict>
		<key>442EACB31560623F0032E1B2</key>
		<dict>
			<key>children</key>
			<array>
				<string>44BEDF3A16B574D900FBE30C</string>
				<string>44BEDF3B16B574D900FBE30C</string>
				<string>442EACB41560623F0032E1B2</string>
				<string>442EACB51560623F0032E1B2</string>
			</array>
			<key>isa</key>
			<string>PBXGroup</string>
			<key>path</key>
			<string>Additions</string>
			<key>sourceTree</key>
			<string>&lt;group&gt;</string>
		</dict>
		<key>442EACB41560623F0032E1B2</key>
		<dict>
			<key>fileEncoding</key>
			<string>4</string>
			<key>isa</key>
			<string>PBXFileReference</string>
			<key>lastKnownFileType</key>
			<string>sourcecode.c.h</string>
			<key>path</key>
			<string>NSStringAdditions.h</string>
			<key>sourceTree</key>
			<string>&lt;group&gt;</string>
		</dict>
		<key>442EACB51560623F0032E1B2</key>
		<dict>
			<key>fileEncoding</key>
			<string>4</string>
			<key>isa</key>
			<string>PBXFileReference</string>
			<key>lastKnownFileType</key>
			<string>sourcecode.c.objc</string>
			<key>path</key>
			<string>NSStringAdditions.m</string>
			<key>sourceTree</key>
			<string>&lt;group&gt;</string>
		</dict>
		<key>442EACB61560623F0032E1B2</key>
		<dict>
			<key>fileRef</key>
			<string>442EACB51560623F0032E1B2</string>
			<key>isa</key>
			<string>PBXBuildFile</string>
			<key>settings</key>
			<dict>
				<key>COMPILER_FLAGS</key>
				<string>-fno-objc-arc</string>
			</dict>
		</dict>
		<key>442EACB7156062720032E1B2</key>
		<dict>
			<key>isa</key>
			<string>PBXFileReference</string>
			<key>lastKnownFileType</key>
			<string>sourcecode.c.h</string>
			<key>path</key>
			<string>Global.h</string>
			<key>sourceTree</key>
			<string>&lt;group&gt;</string>
		</dict>
		<key>442EACD11561A33D0032E1B2</key>
		<dict>
			<key>children</key>
			<array>
				<string>44C05E3D166A3B6100EAF733</string>
				<string>44C05E3E166A3B6100EAF733</string>
				<string>448234B0161107BD003882DB</string>
				<string>442EACD21561A33D0032E1B2</string>
			</array>
			<key>isa</key>
			<string>PBXGroup</string>
			<key>path</key>
			<string>graphics</string>
			<key>sourceTree</key>
			<string>&lt;group&gt;</string>
		</dict>
		<key>442EACD21561A33D0032E1B2</key>
		<dict>
			<key>isa</key>
			<string>PBXFileReference</string>
			<key>lastKnownFileType</key>
			<string>image.png</string>
			<key>path</key>
			<string>icon_check.png</string>
			<key>sourceTree</key>
			<string>&lt;group&gt;</string>
		</dict>
		<key>442EACD31561A33D0032E1B2</key>
		<dict>
			<key>fileRef</key>
			<string>442EACD21561A33D0032E1B2</string>
			<key>isa</key>
			<string>PBXBuildFile</string>
		</dict>
		<key>442EAD7715658B470032E1B2</key>
		<dict>
			<key>isa</key>
			<string>PBXFileReference</string>
			<key>lastKnownFileType</key>
			<string>folder</string>
			<key>path</key>
			<string>tpl</string>
			<key>sourceTree</key>
			<string>&lt;group&gt;</string>
		</dict>
		<key>442EAD7815658B470032E1B2</key>
		<dict>
			<key>fileRef</key>
			<string>442EAD7715658B470032E1B2</string>
			<key>isa</key>
			<string>PBXBuildFile</string>
		</dict>
		<key>442EADA41567C1DE0032E1B2</key>
		<dict>
			<key>isa</key>
			<string>PBXFileReference</string>
			<key>lastKnownFileType</key>
			<string>folder</string>
			<key>path</key>
			<string>docroot</string>
			<key>sourceTree</key>
			<string>&lt;group&gt;</string>
		</dict>
		<key>442EADA51567C1DE0032E1B2</key>
		<dict>
			<key>fileRef</key>
			<string>442EADA41567C1DE0032E1B2</string>
			<key>isa</key>
			<string>PBXBuildFile</string>
		</dict>
		<key>44395B6716600E9600507643</key>
		<dict>
			<key>children</key>
			<array>
				<string>44395B6816600E9600507643</string>
			</array>
			<key>isa</key>
			<string>PBXVariantGroup</string>
			<key>name</key>
			<string>IMG_0010.PNG</string>
			<key>sourceTree</key>
			<string>&lt;group&gt;</string>
		</dict>
		<key>44395B6816600E9600507643</key>
		<dict>
			<key>isa</key>
			<string>PBXFileReference</string>
			<key>lastKnownFileType</key>
			<string>image.png</string>
			<key>name</key>
			<string>en</string>
			<key>path</key>
			<string>en.lproj/IMG_0010.PNG</string>
			<key>sourceTree</key>
			<string>&lt;group&gt;</string>
		</dict>
		<key>44395B6916600E9600507643</key>
		<dict>
			<key>fileRef</key>
			<string>44395B6716600E9600507643</string>
			<key>isa</key>
			<string>PBXBuildFile</string>
		</dict>
		<key>444B42C2155C2FD200319EC7</key>
		<dict>
			<key>children</key>
			<array>
				<string>444B42D7155C2FD200319EC7</string>
				<string>44BEA3131576AFF600A1A7A7</string>
				<string>444B42D0155C2FD200319EC7</string>
				<string>444B42CE155C2FD200319EC7</string>
				<string>F86AAB829A154B7C8FA88101</string>
			</array>
			<key>isa</key>
			<string>PBXGroup</string>
			<key>sourceTree</key>
			<string>&lt;group&gt;</string>
		</dict>
		<key>444B42C4155C2FD200319EC7</key>
		<dict>
			<key>attributes</key>
			<dict>
				<key>LastUpgradeCheck</key>
				<string>0430</string>
			</dict>
			<key>buildConfigurationList</key>
			<string>444B42C7155C2FD200319EC7</string>
			<key>compatibilityVersion</key>
			<string>Xcode 3.2</string>
			<key>developmentRegion</key>
			<string>English</string>
			<key>hasScannedForEncodings</key>
			<string>0</string>
			<key>isa</key>
			<string>PBXProject</string>
			<key>knownRegions</key>
			<array>
				<string>en</string>
				<string>English</string>
			</array>
			<key>mainGroup</key>
			<string>444B42C2155C2FD200319EC7</string>
			<key>productRefGroup</key>
			<string>444B42CE155C2FD200319EC7</string>
			<key>projectDirPath</key>
			<string></string>
			<key>projectReferences</key>
			<array/>
			<key>projectRoot</key>
			<string></string>
			<key>targets</key>
			<array>
				<string>444B42CC155C2FD200319EC7</string>
				<string>44BEA30D1576AFF600A1A7A7</string>
			</array>
		</dict>
		<key>444B42C7155C2FD200319EC7</key>
		<dict>
			<key>buildConfigurations</key>
			<array>
				<string>444B42E9155C2FD200319EC7</string>
				<string>444B42EA155C2FD200319EC7</string>
			</array>
			<key>defaultConfigurationIsVisible</key>
			<string>0</string>
			<key>defaultConfigurationName</key>
			<string>Release</string>
			<key>isa</key>
			<string>XCConfigurationList</string>
		</dict>
		<key>444B42C9155C2FD200319EC7</key>
		<dict>
			<key>buildActionMask</key>
			<string>2147483647</string>
			<key>files</key>
			<array>
				<string>444B42DE155C2FD200319EC7</string>
				<string>442EACB61560623F0032E1B2</string>
				<string>44C05E5C166AA6D100EAF733</string>
				<string>44BEDECE16B5729900FBE30C</string>
				<string>44BEDED016B5729900FBE30C</string>
				<string>44BEDED216B5729900FBE30C</string>
				<string>44BEDED416B5729900FBE30C</string>
				<string>44BEDEEA16B5732000FBE30C</string>
				<string>44BEDEEB16B5732000FBE30C</string>
				<string>44BEDEEC16B5732000FBE30C</string>
				<string>44BEDEEE16B5732000FBE30C</string>
				<string>44BEDEEF16B5732000FBE30C</string>
				<string>44BEDEF116B5732000FBE30C</string>
				<string>44BEDEF316B5732000FBE30C</string>
				<string>44BEDF0C16B573BC00FBE30C</string>
				<string>44BEDF0D16B573BC00FBE30C</string>
				<string>44BEDF0E16B573BC00FBE30C</string>
				<string>44BEDF0F16B573BC00FBE30C</string>
				<string>44BEDF1016B573BC00FBE30C</string>
				<string>44BEDF1216B573BC00FBE30C</string>
				<string>44BEDF1316B573BC00FBE30C</string>
				<string>44BEDF1416B573BC00FBE30C</string>
				<string>44BEDF1516B573BC00FBE30C</string>
				<string>44BEDF2016B5741700FBE30C</string>
				<string>44BEDF2116B5741700FBE30C</string>
				<string>44BEDF2216B5741700FBE30C</string>
				<string>44BEDF2316B5741700FBE30C</string>
				<string>44BEDF3316B5745300FBE30C</string>
				<string>44BEDF3416B5745300FBE30C</string>
				<string>44BEDF3516B5745300FBE30C</string>
				<string>44BEDF3616B5745300FBE30C</string>
				<string>44BEDF3716B5745300FBE30C</string>
				<string>44BEDF3816B5745300FBE30C</string>
				<string>44BEDF3916B5745300FBE30C</string>
				<string>44BEDF3C16B574D900FBE30C</string>
			</array>
			<key>isa</key>
			<string>PBXSourcesBuildPhase</string>
			<key>runOnlyForDeploymentPostprocessing</key>
			<string>0</string>
		</dict>
		<key>444B42CA155C2FD200319EC7</key>
		<dict>
			<key>buildActionMask</key>
			<string>2147483647</string>
			<key>files</key>
			<array>
				<string>44EE822515FFD4EB008C12D6</string>
				<string>44A79AAF15E0F98000498FBD</string>
				<string>442EACAB155D9D780032E1B2</string>
				<string>444B44A0155C378D00319EC7</string>
				<string>444B449E155C378700319EC7</string>
				<string>444B42D2155C2FD200319EC7</string>
				<string>444B42D4155C2FD200319EC7</string>
				<string>444B42D6155C2FD200319EC7</string>
				<string>92BE8ED048B34C0EBE976834</string>
			</array>
			<key>isa</key>
			<string>PBXFrameworksBuildPhase</string>
			<key>runOnlyForDeploymentPostprocessing</key>
			<string>0</string>
		</dict>
		<key>444B42CB155C2FD200319EC7</key>
		<dict>
			<key>buildActionMask</key>
			<string>2147483647</string>
			<key>files</key>
			<array>
				<string>444B42DC155C2FD200319EC7</string>
				<string>442EACD31561A33D0032E1B2</string>
				<string>442EAD7815658B470032E1B2</string>
				<string>442EADA51567C1DE0032E1B2</string>
				<string>448234B1161107BD003882DB</string>
				<string>44C05E3F166A3B6100EAF733</string>
				<string>44C05E40166A3B6100EAF733</string>
				<string>44BEDECF16B5729900FBE30C</string>
				<string>44BEDED116B5729900FBE30C</string>
				<string>44BEDED316B5729900FBE30C</string>
				<string>44BEDED516B5729900FBE30C</string>
				<string>44BEDEF216B5732000FBE30C</string>
				<string>44BEDF1116B573BC00FBE30C</string>
			</array>
			<key>isa</key>
			<string>PBXResourcesBuildPhase</string>
			<key>runOnlyForDeploymentPostprocessing</key>
			<string>0</string>
		</dict>
		<key>444B42CC155C2FD200319EC7</key>
		<dict>
			<key>buildConfigurationList</key>
			<string>444B42EB155C2FD200319EC7</string>
			<key>buildPhases</key>
			<array>
				<string>444B42C9155C2FD200319EC7</string>
				<string>444B42CA155C2FD200319EC7</string>
				<string>444B42CB155C2FD200319EC7</string>
				<string>DAAA94C5387943FD986BE367</string>
			</array>
			<key>buildRules</key>
			<array/>
			<key>dependencies</key>
			<array/>
			<key>isa</key>
			<string>PBXNativeTarget</string>
			<key>name</key>
			<string>Sharit</string>
			<key>productName</key>
			<string>Sharit</string>
			<key>productReference</key>
			<string>444B42CD155C2FD200319EC7</string>
			<key>productType</key>
			<string>com.apple.product-type.application</string>
		</dict>
		<key>444B42CD155C2FD200319EC7</key>
		<dict>
			<key>explicitFileType</key>
			<string>wrapper.application</string>
			<key>includeInIndex</key>
			<string>0</string>
			<key>isa</key>
			<string>PBXFileReference</string>
			<key>path</key>
			<string>Finch.app</string>
			<key>sourceTree</key>
			<string>BUILT_PRODUCTS_DIR</string>
		</dict>
		<key>444B42CE155C2FD200319EC7</key>
		<dict>
			<key>children</key>
			<array>
				<string>444B42CD155C2FD200319EC7</string>
				<string>44BEA30E1576AFF600A1A7A7</string>
			</array>
			<key>isa</key>
			<string>PBXGroup</string>
			<key>name</key>
			<string>Products</string>
			<key>sourceTree</key>
			<string>&lt;group&gt;</string>
		</dict>
		<key>444B42D0155C2FD200319EC7</key>
		<dict>
			<key>children</key>
			<array>
				<string>44EE822415FFD4EB008C12D6</string>
				<string>44A79AAE15E0F98000498FBD</string>
				<string>44BEA3201576B15300A1A7A7</string>
				<string>442EACAA155D9D780032E1B2</string>
				<string>444B449F155C378D00319EC7</string>
				<string>444B449D155C378700319EC7</string>
				<string>444B42D1155C2FD200319EC7</string>
				<string>444B42D3155C2FD200319EC7</string>
				<string>444B42D5155C2FD200319EC7</string>
				<string>9E0B01861C6F42BE9FBC79BB</string>
			</array>
			<key>isa</key>
			<string>PBXGroup</string>
			<key>name</key>
			<string>Frameworks</string>
			<key>sourceTree</key>
			<string>&lt;group&gt;</string>
		</dict>
		<key>444B42D1155C2FD200319EC7</key>
		<dict>
			<key>isa</key>
			<string>PBXFileReference</string>
			<key>lastKnownFileType</key>
			<string>wrapper.framework</string>
			<key>name</key>
			<string>UIKit.framework</string>
			<key>path</key>
			<string>System/Library/Frameworks/UIKit.framework</string>
			<key>sourceTree</key>
			<string>SDKROOT</string>
		</dict>
		<key>444B42D2155C2FD200319EC7</key>
		<dict>
			<key>fileRef</key>
			<string>444B42D1155C2FD200319EC7</string>
			<key>isa</key>
			<string>PBXBuildFile</string>
		</dict>
		<key>444B42D3155C2FD200319EC7</key>
		<dict>
			<key>isa</key>
			<string>PBXFileReference</string>
			<key>lastKnownFileType</key>
			<string>wrapper.framework</string>
			<key>name</key>
			<string>Foundation.framework</string>
			<key>path</key>
			<string>System/Library/Frameworks/Foundation.framework</string>
			<key>sourceTree</key>
			<string>SDKROOT</string>
		</dict>
		<key>444B42D4155C2FD200319EC7</key>
		<dict>
			<key>fileRef</key>
			<string>444B42D3155C2FD200319EC7</string>
			<key>isa</key>
			<string>PBXBuildFile</string>
		</dict>
		<key>444B42D5155C2FD200319EC7</key>
		<dict>
			<key>isa</key>
			<string>PBXFileReference</string>
			<key>lastKnownFileType</key>
			<string>wrapper.framework</string>
			<key>name</key>
			<string>CoreGraphics.framework</string>
			<key>path</key>
			<string>System/Library/Frameworks/CoreGraphics.framework</string>
			<key>sourceTree</key>
			<string>SDKROOT</string>
		</dict>
		<key>444B42D6155C2FD200319EC7</key>
		<dict>
			<key>fileRef</key>
			<string>444B42D5155C2FD200319EC7</string>
			<key>isa</key>
			<string>PBXBuildFile</string>
		</dict>
		<key>444B42D7155C2FD200319EC7</key>
		<dict>
			<key>children</key>
			<array>
				<string>44BEDED616B5732000FBE30C</string>
				<string>44BEDEC116B5729900FBE30C</string>
				<string>44BEDF2416B5745300FBE30C</string>
				<string>44BEDF1616B5741700FBE30C</string>
				<string>44BEDEF416B573BC00FBE30C</string>
				<string>44C05E59166AA6D000EAF733</string>
				<string>442EACB31560623F0032E1B2</string>
				<string>442EAC9F155D96E00032E1B2</string>
				<string>444B42D8155C2FD200319EC7</string>
			</array>
			<key>isa</key>
			<string>PBXGroup</string>
			<key>path</key>
			<string>Sharit</string>
			<key>sourceTree</key>
			<string>&lt;group&gt;</string>
		</dict>
		<key>444B42D8155C2FD200319EC7</key>
		<dict>
			<key>children</key>
			<array>
				<string>444B4498155C367E00319EC7</string>
				<string>444B42D9155C2FD200319EC7</string>
				<string>444B42DA155C2FD200319EC7</string>
				<string>444B42DD155C2FD200319EC7</string>
				<string>444B42DF155C2FD200319EC7</string>
				<string>442EACB7156062720032E1B2</string>
			</array>
			<key>isa</key>
			<string>PBXGroup</string>
			<key>name</key>
			<string>Supporting Files</string>
			<key>sourceTree</key>
			<string>&lt;group&gt;</string>
		</dict>
		<key>444B42D9155C2FD200319EC7</key>
		<dict>
			<key>isa</key>
			<string>PBXFileReference</string>
			<key>lastKnownFileType</key>
			<string>text.plist.xml</string>
			<key>path</key>
			<string>Sharit-Info.plist</string>
			<key>sourceTree</key>
			<string>&lt;group&gt;</string>
		</dict>
		<key>444B42DA155C2FD200319EC7</key>
		<dict>
			<key>children</key>
			<array>
				<string>444B42DB155C2FD200319EC7</string>
			</array>
			<key>isa</key>
			<string>PBXVariantGroup</string>
			<key>name</key>
			<string>InfoPlist.strings</string>
			<key>sourceTree</key>
			<string>&lt;group&gt;</string>
		</dict>
		<key>444B42DB155C2FD200319EC7</key>
		<dict>
			<key>isa</key>
			<string>PBXFileReference</string>
			<key>lastKnownFileType</key>
			<string>text.plist.strings</string>
			<key>name</key>
			<string>en</string>
			<key>path</key>
			<string>en.lproj/InfoPlist.strings</string>
			<key>sourceTree</key>
			<string>&lt;group&gt;</string>
		</dict>
		<key>444B42DC155C2FD200319EC7</key>
		<dict>
			<key>fileRef</key>
			<string>444B42DA155C2FD200319EC7</string>
			<key>isa</key>
			<string>PBXBuildFile</string>
		</dict>
		<key>444B42DD155C2FD200319EC7</key>
		<dict>
			<key>isa</key>
			<string>PBXFileReference</string>
			<key>lastKnownFileType</key>
			<string>sourcecode.c.objc</string>
			<key>path</key>
			<string>main.m</string>
			<key>sourceTree</key>
			<string>&lt;group&gt;</string>
		</dict>
		<key>444B42DE155C2FD200319EC7</key>
		<dict>
			<key>fileRef</key>
			<string>444B42DD155C2FD200319EC7</string>
			<key>isa</key>
			<string>PBXBuildFile</string>
		</dict>
		<key>444B42DF155C2FD200319EC7</key>
		<dict>
			<key>isa</key>
			<string>PBXFileReference</string>
			<key>lastKnownFileType</key>
			<string>sourcecode.c.h</string>
			<key>path</key>
			<string>Sharit-Prefix.pch</string>
			<key>sourceTree</key>
			<string>&lt;group&gt;</string>
		</dict>
		<key>444B42E9155C2FD200319EC7</key>
		<dict>
			<key>buildSettings</key>
			<dict>
				<key>ALWAYS_SEARCH_USER_PATHS</key>
				<string>NO</string>
				<key>ARCHS</key>
				<string>$(ARCHS_STANDARD_32_BIT)</string>
				<key>CLANG_ENABLE_OBJC_ARC</key>
				<string>YES</string>
				<key>CODE_SIGN_IDENTITY[sdk=iphoneos*]</key>
				<string>iPhone Developer</string>
				<key>COPY_PHASE_STRIP</key>
				<string>NO</string>
				<key>GCC_C_LANGUAGE_STANDARD</key>
				<string>gnu99</string>
				<key>GCC_DYNAMIC_NO_PIC</key>
				<string>NO</string>
				<key>GCC_OPTIMIZATION_LEVEL</key>
				<string>0</string>
				<key>GCC_PREPROCESSOR_DEFINITIONS</key>
				<array>
					<string>DEBUG=1</string>
					<string>$(inherited)</string>
				</array>
				<key>GCC_SYMBOLS_PRIVATE_EXTERN</key>
				<string>NO</string>
				<key>GCC_VERSION</key>
				<string>com.apple.compilers.llvm.clang.1_0</string>
				<key>GCC_WARN_ABOUT_RETURN_TYPE</key>
				<string>YES</string>
				<key>GCC_WARN_UNINITIALIZED_AUTOS</key>
				<string>YES</string>
				<key>GCC_WARN_UNUSED_VARIABLE</key>
				<string>YES</string>
				<key>IPHONEOS_DEPLOYMENT_TARGET</key>
				<string>5.1</string>
				<key>PRODUCT_NAME</key>
				<string>Finch</string>
				<key>SDKROOT</key>
				<string>iphoneos</string>
			</dict>
			<key>isa</key>
			<string>XCBuildConfiguration</string>
			<key>name</key>
			<string>Debug</string>
		</dict>
		<key>444B42EA155C2FD200319EC7</key>
		<dict>
			<key>buildSettings</key>
			<dict>
				<key>ALWAYS_SEARCH_USER_PATHS</key>
				<string>NO</string>
				<key>ARCHS</key>
				<string>$(ARCHS_STANDARD_32_BIT)</string>
				<key>CLANG_ENABLE_OBJC_ARC</key>
				<string>YES</string>
				<key>CODE_SIGN_IDENTITY[sdk=iphoneos*]</key>
				<string>iPhone Developer</string>
				<key>COPY_PHASE_STRIP</key>
				<string>YES</string>
				<key>GCC_C_LANGUAGE_STANDARD</key>
				<string>gnu99</string>
				<key>GCC_VERSION</key>
				<string>com.apple.compilers.llvm.clang.1_0</string>
				<key>GCC_WARN_ABOUT_RETURN_TYPE</key>
				<string>YES</string>
				<key>GCC_WARN_UNINITIALIZED_AUTOS</key>
				<string>YES</string>
				<key>GCC_WARN_UNUSED_VARIABLE</key>
				<string>YES</string>
				<key>IPHONEOS_DEPLOYMENT_TARGET</key>
				<string>5.1</string>
				<key>OTHER_CFLAGS</key>
				<string>-DNS_BLOCK_ASSERTIONS=1</string>
				<key>PRODUCT_NAME</key>
				<string>Finch</string>
				<key>SDKROOT</key>
				<string>iphoneos</string>
				<key>VALIDATE_PRODUCT</key>
				<string>YES</string>
			</dict>
			<key>isa</key>
			<string>XCBuildConfiguration</string>
			<key>name</key>
			<string>Release</string>
		</dict>
		<key>444B42EB155C2FD200319EC7</key>
		<dict>
			<key>buildConfigurations</key>
			<array>
				<string>444B42EC155C2FD200319EC7</string>
				<string>444B42ED155C2FD200319EC7</string>
			</array>
			<key>defaultConfigurationIsVisible</key>
			<string>0</string>
			<key>defaultConfigurationName</key>
			<string>Release</string>
			<key>isa</key>
			<string>XCConfigurationList</string>
		</dict>
		<key>444B42EC155C2FD200319EC7</key>
		<dict>
			<key>baseConfigurationReference</key>
			<string>F86AAB829A154B7C8FA88101</string>
			<key>buildSettings</key>
			<dict>
				<key>GCC_PRECOMPILE_PREFIX_HEADER</key>
				<string>YES</string>
				<key>GCC_PREFIX_HEADER</key>
				<string>Sharit/Sharit-Prefix.pch</string>
				<key>INFOPLIST_FILE</key>
				<string>Sharit/Sharit-Info.plist</string>
				<key>WRAPPER_EXTENSION</key>
				<string>app</string>
			</dict>
			<key>isa</key>
			<string>XCBuildConfiguration</string>
			<key>name</key>
			<string>Debug</string>
		</dict>
		<key>444B42ED155C2FD200319EC7</key>
		<dict>
			<key>baseConfigurationReference</key>
			<string>F86AAB829A154B7C8FA88101</string>
			<key>buildSettings</key>
			<dict>
				<key>GCC_PRECOMPILE_PREFIX_HEADER</key>
				<string>YES</string>
				<key>GCC_PREFIX_HEADER</key>
				<string>Sharit/Sharit-Prefix.pch</string>
				<key>INFOPLIST_FILE</key>
				<string>Sharit/Sharit-Info.plist</string>
				<key>WRAPPER_EXTENSION</key>
				<string>app</string>
			</dict>
			<key>isa</key>
			<string>XCBuildConfiguration</string>
			<key>name</key>
			<string>Release</string>
		</dict>
		<key>444B4498155C367E00319EC7</key>
		<dict>
			<key>fileEncoding</key>
			<string>4</string>
			<key>isa</key>
			<string>PBXFileReference</string>
			<key>lastKnownFileType</key>
			<string>sourcecode.c.h</string>
			<key>path</key>
			<string>DLog.h</string>
			<key>sourceTree</key>
			<string>&lt;group&gt;</string>
		</dict>
		<key>444B449D155C378700319EC7</key>
		<dict>
			<key>isa</key>
			<string>PBXFileReference</string>
			<key>lastKnownFileType</key>
			<string>wrapper.framework</string>
			<key>name</key>
			<string>Security.framework</string>
			<key>path</key>
			<string>System/Library/Frameworks/Security.framework</string>
			<key>sourceTree</key>
			<string>SDKROOT</string>
		</dict>
		<key>444B449E155C378700319EC7</key>
		<dict>
			<key>fileRef</key>
			<string>444B449D155C378700319EC7</string>
			<key>isa</key>
			<string>PBXBuildFile</string>
		</dict>
		<key>444B449F155C378D00319EC7</key>
		<dict>
			<key>isa</key>
			<string>PBXFileReference</string>
			<key>lastKnownFileType</key>
			<string>wrapper.framework</string>
			<key>name</key>
			<string>CFNetwork.framework</string>
			<key>path</key>
			<string>System/Library/Frameworks/CFNetwork.framework</string>
			<key>sourceTree</key>
			<string>SDKROOT</string>
		</dict>
		<key>444B44A0155C378D00319EC7</key>
		<dict>
			<key>fileRef</key>
			<string>444B449F155C378D00319EC7</string>
			<key>isa</key>
			<string>PBXBuildFile</string>
		</dict>
		<key>4464B02E16600B4300166441</key>
		<dict>
			<key>fileRef</key>
			<string>44A79AAE15E0F98000498FBD</string>
			<key>isa</key>
			<string>PBXBuildFile</string>
		</dict>
		<key>4477A40E15910E3700EC3280</key>
		<dict>
			<key>fileRef</key>
			<string>442EACD21561A33D0032E1B2</string>
			<key>isa</key>
			<string>PBXBuildFile</string>
		</dict>
		<key>4477A40F1591123600EC3280</key>
		<dict>
			<key>fileRef</key>
			<string>442EAD7715658B470032E1B2</string>
			<key>isa</key>
			<string>PBXBuildFile</string>
		</dict>
		<key>4477A42115911AC000EC3280</key>
		<dict>
			<key>fileEncoding</key>
			<string>4</string>
			<key>isa</key>
			<string>PBXFileReference</string>
			<key>lastKnownFileType</key>
			<string>text.html</string>
			<key>name</key>
			<string>img.html</string>
			<key>path</key>
			<string>../../../img.html</string>
			<key>sourceTree</key>
			<string>&lt;group&gt;</string>
		</dict>
		<key>4477A42215911AC000EC3280</key>
		<dict>
			<key>fileRef</key>
			<string>4477A42115911AC000EC3280</string>
			<key>isa</key>
			<string>PBXBuildFile</string>
		</dict>
		<key>448234B0161107BD003882DB</key>
		<dict>
			<key>isa</key>
			<string>PBXFileReference</string>
			<key>lastKnownFileType</key>
			<string>image.png</string>
			<key>name</key>
			<string>Default-568h@2x.png</string>
			<key>path</key>
			<string>../../../Default-568h@2x.png</string>
			<key>sourceTree</key>
			<string>&lt;group&gt;</string>
		</dict>
		<key>448234B1161107BD003882DB</key>
		<dict>
			<key>fileRef</key>
			<string>448234B0161107BD003882DB</string>
			<key>isa</key>
			<string>PBXBuildFile</string>
		</dict>
		<key>44A79AAE15E0F98000498FBD</key>
		<dict>
			<key>isa</key>
			<string>PBXFileReference</string>
			<key>lastKnownFileType</key>
			<string>wrapper.framework</string>
			<key>name</key>
			<string>AssetsLibrary.framework</string>
			<key>path</key>
			<string>System/Library/Frameworks/AssetsLibrary.framework</string>
			<key>sourceTree</key>
			<string>SDKROOT</string>
		</dict>
		<key>44A79AAF15E0F98000498FBD</key>
		<dict>
			<key>fileRef</key>
			<string>44A79AAE15E0F98000498FBD</string>
			<key>isa</key>
			<string>PBXBuildFile</string>
		</dict>
		<key>44B92FA215DD7B33008DBC29</key>
		<dict>
			<key>fileRef</key>
			<string>444B42D5155C2FD200319EC7</string>
			<key>isa</key>
			<string>PBXBuildFile</string>
		</dict>
		<key>44BEA3091576AFF600A1A7A7</key>
		<dict>
			<key>buildActionMask</key>
			<string>2147483647</string>
			<key>files</key>
			<array>
				<string>44BEA31B1576AFF600A1A7A7</string>
				<string>44BEA333157BEAD100A1A7A7</string>
			</array>
			<key>isa</key>
			<string>PBXSourcesBuildPhase</string>
			<key>runOnlyForDeploymentPostprocessing</key>
			<string>0</string>
		</dict>
		<key>44BEA30A1576AFF600A1A7A7</key>
		<dict>
			<key>buildActionMask</key>
			<string>2147483647</string>
			<key>files</key>
			<array>
				<string>4464B02E16600B4300166441</string>
				<string>44B92FA215DD7B33008DBC29</string>
				<string>44BEA3211576B15300A1A7A7</string>
				<string>44BEA3111576AFF600A1A7A7</string>
				<string>44BEA3121576AFF600A1A7A7</string>
			</array>
			<key>isa</key>
			<string>PBXFrameworksBuildPhase</string>
			<key>runOnlyForDeploymentPostprocessing</key>
			<string>0</string>
		</dict>
		<key>44BEA30B1576AFF600A1A7A7</key>
		<dict>
			<key>buildActionMask</key>
			<string>2147483647</string>
			<key>files</key>
			<array>
				<string>44BEA3181576AFF600A1A7A7</string>
				<string>4477A40E15910E3700EC3280</string>
				<string>4477A40F1591123600EC3280</string>
				<string>4477A42215911AC000EC3280</string>
				<string>44395B6916600E9600507643</string>
			</array>
			<key>isa</key>
			<string>PBXResourcesBuildPhase</string>
			<key>runOnlyForDeploymentPostprocessing</key>
			<string>0</string>
		</dict>
		<key>44BEA30C1576AFF600A1A7A7</key>
		<dict>
			<key>buildActionMask</key>
			<string>2147483647</string>
			<key>files</key>
			<array/>
			<key>inputPaths</key>
			<array/>
			<key>isa</key>
			<string>PBXShellScriptBuildPhase</string>
			<key>outputPaths</key>
			<array/>
			<key>runOnlyForDeploymentPostprocessing</key>
			<string>0</string>
			<key>shellPath</key>
			<string>/bin/sh</string>
			<key>shellScript</key>
			<string># Run the unit tests in this test bundle.
"${SYSTEM_DEVELOPER_DIR}/Tools/RunUnitTests"
</string>
		</dict>
		<key>44BEA30D1576AFF600A1A7A7</key>
		<dict>
			<key>buildConfigurationList</key>
			<string>44BEA31D1576AFF600A1A7A7</string>
			<key>buildPhases</key>
			<array>
				<string>44BEA3091576AFF600A1A7A7</string>
				<string>44BEA30A1576AFF600A1A7A7</string>
				<string>44BEA30B1576AFF600A1A7A7</string>
				<string>44BEA30C1576AFF600A1A7A7</string>
			</array>
			<key>buildRules</key>
			<array/>
			<key>dependencies</key>
			<array/>
			<key>isa</key>
			<string>PBXNativeTarget</string>
			<key>name</key>
			<string>Sharit_Tests</string>
			<key>productName</key>
			<string>Sharit_Tests</string>
			<key>productReference</key>
			<string>44BEA30E1576AFF600A1A7A7</string>
			<key>productType</key>
			<string>com.apple.product-type.bundle</string>
		</dict>
		<key>44BEA30E1576AFF600A1A7A7</key>
		<dict>
			<key>explicitFileType</key>
			<string>wrapper.cfbundle</string>
			<key>includeInIndex</key>
			<string>0</string>
			<key>isa</key>
			<string>PBXFileReference</string>
			<key>path</key>
			<string>Sharit_Tests.octest</string>
			<key>sourceTree</key>
			<string>BUILT_PRODUCTS_DIR</string>
		</dict>
		<key>44BEA3111576AFF600A1A7A7</key>
		<dict>
			<key>fileRef</key>
			<string>444B42D1155C2FD200319EC7</string>
			<key>isa</key>
			<string>PBXBuildFile</string>
		</dict>
		<key>44BEA3121576AFF600A1A7A7</key>
		<dict>
			<key>fileRef</key>
			<string>444B42D3155C2FD200319EC7</string>
			<key>isa</key>
			<string>PBXBuildFile</string>
		</dict>
		<key>44BEA3131576AFF600A1A7A7</key>
		<dict>
			<key>children</key>
			<array>
				<string>44395B6716600E9600507643</string>
				<string>4477A42115911AC000EC3280</string>
				<string>44BEA3191576AFF600A1A7A7</string>
				<string>44BEA31A1576AFF600A1A7A7</string>
				<string>44BEA331157BEAD000A1A7A7</string>
				<string>44BEA332157BEAD000A1A7A7</string>
				<string>44BEA3141576AFF600A1A7A7</string>
			</array>
			<key>isa</key>
			<string>PBXGroup</string>
			<key>path</key>
			<string>Sharit_Tests</string>
			<key>sourceTree</key>
			<string>&lt;group&gt;</string>
		</dict>
		<key>44BEA3141576AFF600A1A7A7</key>
		<dict>
			<key>children</key>
			<array>
				<string>44BEA3151576AFF600A1A7A7</string>
				<string>44BEA3161576AFF600A1A7A7</string>
				<string>44BEA31C1576AFF600A1A7A7</string>
			</array>
			<key>isa</key>
			<string>PBXGroup</string>
			<key>name</key>
			<string>Supporting Files</string>
			<key>sourceTree</key>
			<string>&lt;group&gt;</string>
		</dict>
		<key>44BEA3151576AFF600A1A7A7</key>
		<dict>
			<key>isa</key>
			<string>PBXFileReference</string>
			<key>lastKnownFileType</key>
			<string>text.plist.xml</string>
			<key>path</key>
			<string>Sharit_Tests-Info.plist</string>
			<key>sourceTree</key>
			<string>&lt;group&gt;</string>
		</dict>
		<key>44BEA3161576AFF600A1A7A7</key>
		<dict>
			<key>children</key>
			<array>
				<string>44BEA3171576AFF600A1A7A7</string>
			</array>
			<key>isa</key>
			<string>PBXVariantGroup</string>
			<key>name</key>
			<string>InfoPlist.strings</string>
			<key>sourceTree</key>
			<string>&lt;group&gt;</string>
		</dict>
		<key>44BEA3171576AFF600A1A7A7</key>
		<dict>
			<key>isa</key>
			<string>PBXFileReference</string>
			<key>lastKnownFileType</key>
			<string>text.plist.strings</string>
			<key>name</key>
			<string>en</string>
			<key>path</key>
			<string>en.lproj/InfoPlist.strings</string>
			<key>sourceTree</key>
			<string>&lt;group&gt;</string>
		</dict>
		<key>44BEA3181576AFF600A1A7A7</key>
		<dict>
			<key>fileRef</key>
			<string>44BEA3161576AFF600A1A7A7</string>
			<key>isa</key>
			<string>PBXBuildFile</string>
		</dict>
		<key>44BEA3191576AFF600A1A7A7</key>
		<dict>
			<key>isa</key>
			<string>PBXFileReference</string>
			<key>lastKnownFileType</key>
			<string>sourcecode.c.h</string>
			<key>path</key>
			<string>Sharit_Tests.h</string>
			<key>sourceTree</key>
			<string>&lt;group&gt;</string>
		</dict>
		<key>44BEA31A1576AFF600A1A7A7</key>
		<dict>
			<key>isa</key>
			<string>PBXFileReference</string>
			<key>lastKnownFileType</key>
			<string>sourcecode.c.objc</string>
			<key>path</key>
			<string>Sharit_Tests.m</string>
			<key>sourceTree</key>
			<string>&lt;group&gt;</string>
		</dict>
		<key>44BEA31B1576AFF600A1A7A7</key>
		<dict>
			<key>fileRef</key>
			<string>44BEA31A1576AFF600A1A7A7</string>
			<key>isa</key>
			<string>PBXBuildFile</string>
		</dict>
		<key>44BEA31C1576AFF600A1A7A7</key>
		<dict>
			<key>isa</key>
			<string>PBXFileReference</string>
			<key>lastKnownFileType</key>
			<string>sourcecode.c.h</string>
			<key>path</key>
			<string>Sharit_Tests-Prefix.pch</string>
			<key>sourceTree</key>
			<string>&lt;group&gt;</string>
		</dict>
		<key>44BEA31D1576AFF600A1A7A7</key>
		<dict>
			<key>buildConfigurations</key>
			<array>
				<string>44BEA31E1576AFF600A1A7A7</string>
				<string>44BEA31F1576AFF600A1A7A7</string>
			</array>
			<key>defaultConfigurationIsVisible</key>
			<string>0</string>
			<key>defaultConfigurationName</key>
			<string>Release</string>
			<key>isa</key>
			<string>XCConfigurationList</string>
		</dict>
		<key>44BEA31E1576AFF600A1A7A7</key>
		<dict>
			<key>buildSettings</key>
			<dict>
				<key>FRAMEWORK_SEARCH_PATHS</key>
				<array>
					<string>$(SDKROOT)/Developer/Library/Frameworks</string>
					<string>$(DEVELOPER_LIBRARY_DIR)/Frameworks</string>
				</array>
				<key>GCC_PRECOMPILE_PREFIX_HEADER</key>
				<string>YES</string>
				<key>GCC_PREFIX_HEADER</key>
				<string>Sharit_Tests/Sharit_Tests-Prefix.pch</string>
				<key>INFOPLIST_FILE</key>
				<string>Sharit_Tests/Sharit_Tests-Info.plist</string>
				<key>PRODUCT_NAME</key>
				<string>$(TARGET_NAME)</string>
				<key>WRAPPER_EXTENSION</key>
				<string>octest</string>
			</dict>
			<key>isa</key>
			<string>XCBuildConfiguration</string>
			<key>name</key>
			<string>Debug</string>
		</dict>
		<key>44BEA31F1576AFF600A1A7A7</key>
		<dict>
			<key>buildSettings</key>
			<dict>
				<key>FRAMEWORK_SEARCH_PATHS</key>
				<array>
					<string>$(SDKROOT)/Developer/Library/Frameworks</string>
					<string>$(DEVELOPER_LIBRARY_DIR)/Frameworks</string>
				</array>
				<key>GCC_PRECOMPILE_PREFIX_HEADER</key>
				<string>YES</string>
				<key>GCC_PREFIX_HEADER</key>
				<string>Sharit_Tests/Sharit_Tests-Prefix.pch</string>
				<key>INFOPLIST_FILE</key>
				<string>Sharit_Tests/Sharit_Tests-Info.plist</string>
				<key>PRODUCT_NAME</key>
				<string>$(TARGET_NAME)</string>
				<key>WRAPPER_EXTENSION</key>
				<string>octest</string>
			</dict>
			<key>isa</key>
			<string>XCBuildConfiguration</string>
			<key>name</key>
			<string>Release</string>
		</dict>
		<key>44BEA3201576B15300A1A7A7</key>
		<dict>
			<key>isa</key>
			<string>PBXFileReference</string>
			<key>lastKnownFileType</key>
			<string>wrapper.framework</string>
			<key>name</key>
			<string>SenTestingKit.framework</string>
			<key>path</key>
			<string>Library/Frameworks/SenTestingKit.framework</string>
			<key>sourceTree</key>
			<string>DEVELOPER_DIR</string>
		</dict>
		<key>44BEA3211576B15300A1A7A7</key>
		<dict>
			<key>fileRef</key>
			<string>44BEA3201576B15300A1A7A7</string>
			<key>isa</key>
			<string>PBXBuildFile</string>
		</dict>
		<key>44BEA331157BEAD000A1A7A7</key>
		<dict>
			<key>fileEncoding</key>
			<string>4</string>
			<key>isa</key>
			<string>PBXFileReference</string>
			<key>lastKnownFileType</key>
			<string>sourcecode.c.h</string>
			<key>path</key>
			<string>MacroPreprocessorTest.h</string>
			<key>sourceTree</key>
			<string>&lt;group&gt;</string>
		</dict>
		<key>44BEA332157BEAD000A1A7A7</key>
		<dict>
			<key>fileEncoding</key>
			<string>4</string>
			<key>isa</key>
			<string>PBXFileReference</string>
			<key>lastKnownFileType</key>
			<string>sourcecode.c.objc</string>
			<key>path</key>
			<string>MacroPreprocessorTest.m</string>
			<key>sourceTree</key>
			<string>&lt;group&gt;</string>
		</dict>
		<key>44BEA333157BEAD100A1A7A7</key>
		<dict>
			<key>fileRef</key>
			<string>44BEA332157BEAD000A1A7A7</string>
			<key>isa</key>
			<string>PBXBuildFile</string>
		</dict>
		<key>44BEDEC116B5729900FBE30C</key>
		<dict>
			<key>children</key>
			<array>
				<string>44BEDEC216B5729900FBE30C</string>
				<string>44BEDEC316B5729900FBE30C</string>
				<string>44BEDEC416B5729900FBE30C</string>
				<string>44BEDEC516B5729900FBE30C</string>
				<string>44BEDEC616B5729900FBE30C</string>
				<string>44BEDEC716B5729900FBE30C</string>
				<string>44BEDEC816B5729900FBE30C</string>
				<string>44BEDEC916B5729900FBE30C</string>
				<string>44BEDECA16B5729900FBE30C</string>
				<string>44BEDECB16B5729900FBE30C</string>
				<string>44BEDECC16B5729900FBE30C</string>
				<string>44BEDECD16B5729900FBE30C</string>
			</array>
			<key>isa</key>
			<string>PBXGroup</string>
			<key>path</key>
			<string>ShareControllers</string>
			<key>sourceTree</key>
			<string>&lt;group&gt;</string>
		</dict>
		<key>44BEDEC216B5729900FBE30C</key>
		<dict>
			<key>fileEncoding</key>
			<string>4</string>
			<key>isa</key>
			<string>PBXFileReference</string>
			<key>lastKnownFileType</key>
			<string>sourcecode.c.h</string>
			<key>path</key>
			<string>ClipboardShareController.h</string>
			<key>sourceTree</key>
			<string>&lt;group&gt;</string>
		</dict>
		<key>44BEDEC316B5729900FBE30C</key>
		<dict>
			<key>fileEncoding</key>
			<string>4</string>
			<key>isa</key>
			<string>PBXFileReference</string>
			<key>lastKnownFileType</key>
			<string>sourcecode.c.objc</string>
			<key>path</key>
			<string>ClipboardShareController.m</string>
			<key>sourceTree</key>
			<string>&lt;group&gt;</string>
		</dict>
		<key>44BEDEC416B5729900FBE30C</key>
		<dict>
			<key>fileEncoding</key>
			<string>4</string>
			<key>isa</key>
			<string>PBXFileReference</string>
			<key>lastKnownFileType</key>
			<string>file.xib</string>
			<key>path</key>
			<string>ClipboardShareController.xib</string>
			<key>sourceTree</key>
			<string>&lt;group&gt;</string>
		</dict>
		<key>44BEDEC516B5729900FBE30C</key>
		<dict>
			<key>fileEncoding</key>
			<string>4</string>
			<key>isa</key>
			<string>PBXFileReference</string>
			<key>lastKnownFileType</key>
			<string>sourcecode.c.h</string>
			<key>path</key>
			<string>PicturesShareController.h</string>
			<key>sourceTree</key>
			<string>&lt;group&gt;</string>
		</dict>
		<key>44BEDEC616B5729900FBE30C</key>
		<dict>
			<key>fileEncoding</key>
			<string>4</string>
			<key>isa</key>
			<string>PBXFileReference</string>
			<key>lastKnownFileType</key>
			<string>sourcecode.c.objc</string>
			<key>path</key>
			<string>PicturesShareController.m</string>
			<key>sourceTree</key>
			<string>&lt;group&gt;</string>
		</dict>
		<key>44BEDEC716B5729900FBE30C</key>
		<dict>
			<key>fileEncoding</key>
			<string>4</string>
			<key>isa</key>
			<string>PBXFileReference</string>
			<key>lastKnownFileType</key>
			<string>file.xib</string>
			<key>path</key>
			<string>PicturesShareController.xib</string>
			<key>sourceTree</key>
			<string>&lt;group&gt;</string>
		</dict>
		<key>44BEDEC816B5729900FBE30C</key>
		<dict>
			<key>fileEncoding</key>
			<string>4</string>
			<key>isa</key>
			<string>PBXFileReference</string>
			<key>lastKnownFileType</key>
			<string>sourcecode.c.h</string>
			<key>path</key>
			<string>ShareController.h</string>
			<key>sourceTree</key>
			<string>&lt;group&gt;</string>
		</dict>
		<key>44BEDEC916B5729900FBE30C</key>
		<dict>
			<key>fileEncoding</key>
			<string>4</string>
			<key>isa</key>
			<string>PBXFileReference</string>
			<key>lastKnownFileType</key>
			<string>sourcecode.c.objc</string>
			<key>path</key>
			<string>ShareController.m</string>
			<key>sourceTree</key>
			<string>&lt;group&gt;</string>
		</dict>
		<key>44BEDECA16B5729900FBE30C</key>
		<dict>
			<key>fileEncoding</key>
			<string>4</string>
			<key>isa</key>
			<string>PBXFileReference</string>
			<key>lastKnownFileType</key>
			<string>file.xib</string>
			<key>path</key>
			<string>ShareController.xib</string>
			<key>sourceTree</key>
			<string>&lt;group&gt;</string>
		</dict>
		<key>44BEDECB16B5729900FBE30C</key>
		<dict>
			<key>fileEncoding</key>
			<string>4</string>
			<key>isa</key>
			<string>PBXFileReference</string>
			<key>lastKnownFileType</key>
			<string>sourcecode.c.h</string>
			<key>path</key>
			<string>TextShareController.h</string>
			<key>sourceTree</key>
			<string>&lt;group&gt;</string>
		</dict>
		<key>44BEDECC16B5729900FBE30C</key>
		<dict>
			<key>fileEncoding</key>
			<string>4</string>
			<key>isa</key>
			<string>PBXFileReference</string>
			<key>lastKnownFileType</key>
			<string>sourcecode.c.objc</string>
			<key>path</key>
			<string>TextShareController.m</string>
			<key>sourceTree</key>
			<string>&lt;group&gt;</string>
		</dict>
		<key>44BEDECD16B5729900FBE30C</key>
		<dict>
			<key>fileEncoding</key>
			<string>4</string>
			<key>isa</key>
			<string>PBXFileReference</string>
			<key>lastKnownFileType</key>
			<string>file.xib</string>
			<key>path</key>
			<string>TextShareController.xib</string>
			<key>sourceTree</key>
			<string>&lt;group&gt;</string>
		</dict>
		<key>44BEDECE16B5729900FBE30C</key>
		<dict>
			<key>fileRef</key>
			<string>44BEDEC316B5729900FBE30C</string>
			<key>isa</key>
			<string>PBXBuildFile</string>
		</dict>
		<key>44BEDECF16B5729900FBE30C</key>
		<dict>
			<key>fileRef</key>
			<string>44BEDEC416B5729900FBE30C</string>
			<key>isa</key>
			<string>PBXBuildFile</string>
		</dict>
		<key>44BEDED016B5729900FBE30C</key>
		<dict>
			<key>fileRef</key>
			<string>44BEDEC616B5729900FBE30C</string>
			<key>isa</key>
			<string>PBXBuildFile</string>
		</dict>
		<key>44BEDED116B5729900FBE30C</key>
		<dict>
			<key>fileRef</key>
			<string>44BEDEC716B5729900FBE30C</string>
			<key>isa</key>
			<string>PBXBuildFile</string>
		</dict>
		<key>44BEDED216B5729900FBE30C</key>
		<dict>
			<key>fileRef</key>
			<string>44BEDEC916B5729900FBE30C</string>
			<key>isa</key>
			<string>PBXBuildFile</string>
		</dict>
		<key>44BEDED316B5729900FBE30C</key>
		<dict>
			<key>fileRef</key>
			<string>44BEDECA16B5729900FBE30C</string>
			<key>isa</key>
			<string>PBXBuildFile</string>
		</dict>
		<key>44BEDED416B5729900FBE30C</key>
		<dict>
			<key>fileRef</key>
			<string>44BEDECC16B5729900FBE30C</string>
			<key>isa</key>
			<string>PBXBuildFile</string>
		</dict>
		<key>44BEDED516B5729900FBE30C</key>
		<dict>
			<key>fileRef</key>
			<string>44BEDECD16B5729900FBE30C</string>
			<key>isa</key>
			<string>PBXBuildFile</string>
		</dict>
		<key>44BEDED616B5732000FBE30C</key>
		<dict>
			<key>children</key>
			<array>
				<string>44BEDED716B5732000FBE30C</string>
				<string>44BEDED816B5732000FBE30C</string>
				<string>44BEDED916B5732000FBE30C</string>
				<string>44BEDEDA16B5732000FBE30C</string>
				<string>44BEDEDB16B5732000FBE30C</string>
				<string>44BEDEDC16B5732000FBE30C</string>
				<string>44BEDEDF16B5732000FBE30C</string>
				<string>44BEDEE016B5732000FBE30C</string>
				<string>44BEDEE116B5732000FBE30C</string>
				<string>44BEDEE216B5732000FBE30C</string>
				<string>44BEDEE516B5732000FBE30C</string>
				<string>44BEDEE616B5732000FBE30C</string>
				<string>44BEDEE716B5732000FBE30C</string>
				<string>44BEDEE816B5732000FBE30C</string>
				<string>44BEDEE916B5732000FBE30C</string>
			</array>
			<key>isa</key>
			<string>PBXGroup</string>
			<key>path</key>
			<string>Main</string>
			<key>sourceTree</key>
			<string>&lt;group&gt;</string>
		</dict>
		<key>44BEDED716B5732000FBE30C</key>
		<dict>
			<key>fileEncoding</key>
			<string>4</string>
			<key>isa</key>
			<string>PBXFileReference</string>
			<key>lastKnownFileType</key>
			<string>sourcecode.c.h</string>
			<key>path</key>
			<string>AppDelegate.h</string>
			<key>sourceTree</key>
			<string>&lt;group&gt;</string>
		</dict>
		<key>44BEDED816B5732000FBE30C</key>
		<dict>
			<key>fileEncoding</key>
			<string>4</string>
			<key>isa</key>
			<string>PBXFileReference</string>
			<key>lastKnownFileType</key>
			<string>sourcecode.c.objc</string>
			<key>path</key>
			<string>AppDelegate.m</string>
			<key>sourceTree</key>
			<string>&lt;group&gt;</string>
		</dict>
		<key>44BEDED916B5732000FBE30C</key>
		<dict>
			<key>fileEncoding</key>
			<string>4</string>
			<key>isa</key>
			<string>PBXFileReference</string>
			<key>lastKnownFileType</key>
			<string>sourcecode.c.h</string>
			<key>path</key>
			<string>BonjourIface.h</string>
			<key>sourceTree</key>
			<string>&lt;group&gt;</string>
		</dict>
		<key>44BEDEDA16B5732000FBE30C</key>
		<dict>
			<key>fileEncoding</key>
			<string>4</string>
			<key>isa</key>
			<string>PBXFileReference</string>
			<key>lastKnownFileType</key>
			<string>sourcecode.c.objc</string>
			<key>path</key>
			<string>BonjourIface.m</string>
			<key>sourceTree</key>
			<string>&lt;group&gt;</string>
		</dict>
		<key>44BEDEDB16B5732000FBE30C</key>
		<dict>
			<key>fileEncoding</key>
			<string>4</string>
			<key>isa</key>
			<string>PBXFileReference</string>
			<key>lastKnownFileType</key>
			<string>sourcecode.c.h</string>
			<key>path</key>
			<string>GlobalDefaults.h</string>
			<key>sourceTree</key>
			<string>&lt;group&gt;</string>
		</dict>
		<key>44BEDEDC16B5732000FBE30C</key>
		<dict>
			<key>fileEncoding</key>
			<string>4</string>
			<key>isa</key>
			<string>PBXFileReference</string>
			<key>lastKnownFileType</key>
			<string>sourcecode.c.objc</string>
			<key>path</key>
			<string>GlobalDefaults.m</string>
			<key>sourceTree</key>
			<string>&lt;group&gt;</string>
		</dict>
		<key>44BEDEDF16B5732000FBE30C</key>
		<dict>
			<key>fileEncoding</key>
			<string>4</string>
			<key>isa</key>
			<string>PBXFileReference</string>
			<key>lastKnownFileType</key>
			<string>sourcecode.c.h</string>
			<key>path</key>
			<string>Helper.h</string>
			<key>sourceTree</key>
			<string>&lt;group&gt;</string>
		</dict>
		<key>44BEDEE016B5732000FBE30C</key>
		<dict>
			<key>fileEncoding</key>
			<string>4</string>
			<key>isa</key>
			<string>PBXFileReference</string>
			<key>lastKnownFileType</key>
			<string>sourcecode.c.objc</string>
			<key>path</key>
			<string>Helper.m</string>
			<key>sourceTree</key>
			<string>&lt;group&gt;</string>
		</dict>
		<key>44BEDEE116B5732000FBE30C</key>
		<dict>
			<key>fileEncoding</key>
			<string>4</string>
			<key>isa</key>
			<string>PBXFileReference</string>
			<key>lastKnownFileType</key>
			<string>sourcecode.c.h</string>
			<key>path</key>
			<string>Iface.h</string>
			<key>sourceTree</key>
			<string>&lt;group&gt;</string>
		</dict>
		<key>44BEDEE216B5732000FBE30C</key>
		<dict>
			<key>fileEncoding</key>
			<string>4</string>
			<key>isa</key>
			<string>PBXFileReference</string>
			<key>lastKnownFileType</key>
			<string>sourcecode.c.objc</string>
			<key>path</key>
			<string>Iface.m</string>
			<key>sourceTree</key>
			<string>&lt;group&gt;</string>
		</dict>
		<key>44BEDEE516B5732000FBE30C</key>
		<dict>
			<key>fileEncoding</key>
			<string>4</string>
			<key>isa</key>
			<string>PBXFileReference</string>
			<key>lastKnownFileType</key>
			<string>sourcecode.c.h</string>
			<key>path</key>
			<string>MainViewController.h</string>
			<key>sourceTree</key>
			<string>&lt;group&gt;</string>
		</dict>
		<key>44BEDEE616B5732000FBE30C</key>
		<dict>
			<key>fileEncoding</key>
			<string>4</string>
			<key>isa</key>
			<string>PBXFileReference</string>
			<key>lastKnownFileType</key>
			<string>sourcecode.c.objc</string>
			<key>path</key>
			<string>MainViewController.m</string>
			<key>sourceTree</key>
			<string>&lt;group&gt;</string>
		</dict>
		<key>44BEDEE716B5732000FBE30C</key>
		<dict>
			<key>fileEncoding</key>
			<string>4</string>
			<key>isa</key>
			<string>PBXFileReference</string>
			<key>lastKnownFileType</key>
			<string>file.xib</string>
			<key>path</key>
			<string>MainViewController.xib</string>
			<key>sourceTree</key>
			<string>&lt;group&gt;</string>
		</dict>
		<key>44BEDEE816B5732000FBE30C</key>
		<dict>
			<key>fileEncoding</key>
			<string>4</string>
			<key>isa</key>
			<string>PBXFileReference</string>
			<key>lastKnownFileType</key>
			<string>sourcecode.c.h</string>
			<key>path</key>
			<string>Reachability.h</string>
			<key>sourceTree</key>
			<string>&lt;group&gt;</string>
		</dict>
		<key>44BEDEE916B5732000FBE30C</key>
		<dict>
			<key>fileEncoding</key>
			<string>4</string>
			<key>isa</key>
			<string>PBXFileReference</string>
			<key>lastKnownFileType</key>
			<string>sourcecode.c.objc</string>
			<key>path</key>
			<string>Reachability.m</string>
			<key>sourceTree</key>
			<string>&lt;group&gt;</string>
		</dict>
		<key>44BEDEEA16B5732000FBE30C</key>
		<dict>
			<key>fileRef</key>
			<string>44BEDED816B5732000FBE30C</string>
			<key>isa</key>
			<string>PBXBuildFile</string>
		</dict>
		<key>44BEDEEB16B5732000FBE30C</key>
		<dict>
			<key>fileRef</key>
			<string>44BEDEDA16B5732000FBE30C</string>
			<key>isa</key>
			<string>PBXBuildFile</string>
		</dict>
		<key>44BEDEEC16B5732000FBE30C</key>
		<dict>
			<key>fileRef</key>
			<string>44BEDEDC16B5732000FBE30C</string>
			<key>isa</key>
			<string>PBXBuildFile</string>
		</dict>
		<key>44BEDEEE16B5732000FBE30C</key>
		<dict>
			<key>fileRef</key>
			<string>44BEDEE016B5732000FBE30C</string>
			<key>isa</key>
			<string>PBXBuildFile</string>
		</dict>
		<key>44BEDEEF16B5732000FBE30C</key>
		<dict>
			<key>fileRef</key>
			<string>44BEDEE216B5732000FBE30C</string>
			<key>isa</key>
			<string>PBXBuildFile</string>
		</dict>
		<key>44BEDEF116B5732000FBE30C</key>
		<dict>
			<key>fileRef</key>
			<string>44BEDEE616B5732000FBE30C</string>
			<key>isa</key>
			<string>PBXBuildFile</string>
		</dict>
		<key>44BEDEF216B5732000FBE30C</key>
		<dict>
			<key>fileRef</key>
			<string>44BEDEE716B5732000FBE30C</string>
			<key>isa</key>
			<string>PBXBuildFile</string>
		</dict>
		<key>44BEDEF316B5732000FBE30C</key>
		<dict>
			<key>fileRef</key>
			<string>44BEDEE916B5732000FBE30C</string>
			<key>isa</key>
			<string>PBXBuildFile</string>
			<key>settings</key>
			<dict>
				<key>COMPILER_FLAGS</key>
				<string>-fno-objc-arc</string>
			</dict>
		</dict>
		<key>44BEDEF416B573BC00FBE30C</key>
		<dict>
			<key>children</key>
			<array>
				<string>44BEDEF516B573BC00FBE30C</string>
				<string>44BEDEFD16B573BC00FBE30C</string>
				<string>44BEDF0316B573BC00FBE30C</string>
			</array>
			<key>isa</key>
			<string>PBXGroup</string>
			<key>path</key>
			<string>TableViews</string>
			<key>sourceTree</key>
			<string>&lt;group&gt;</string>
		</dict>
		<key>44BEDEF516B573BC00FBE30C</key>
		<dict>
			<key>children</key>
			<array>
				<string>44BEDEF616B573BC00FBE30C</string>
				<string>44BEDEF716B573BC00FBE30C</string>
				<string>44BEDEF816B573BC00FBE30C</string>
				<string>44BEDEF916B573BC00FBE30C</string>
				<string>44BEDEFA16B573BC00FBE30C</string>
				<string>44BEDEFB16B573BC00FBE30C</string>
				<string>44BEDEFC16B573BC00FBE30C</string>
			</array>
			<key>isa</key>
			<string>PBXGroup</string>
			<key>path</key>
			<string>CellModelAdapter</string>
			<key>sourceTree</key>
			<string>&lt;group&gt;</string>
		</dict>
		<key>44BEDEF616B573BC00FBE30C</key>
		<dict>
			<key>fileEncoding</key>
			<string>4</string>
			<key>isa</key>
			<string>PBXFileReference</string>
			<key>lastKnownFileType</key>
			<string>sourcecode.c.h</string>
			<key>path</key>
			<string>BaseCellModelAdapter.h</string>
			<key>sourceTree</key>
			<string>&lt;group&gt;</string>
		</dict>
		<key>44BEDEF716B573BC00FBE30C</key>
		<dict>
			<key>fileEncoding</key>
			<string>4</string>
			<key>isa</key>
			<string>PBXFileReference</string>
			<key>lastKnownFileType</key>
			<string>sourcecode.c.objc</string>
			<key>path</key>
			<string>BaseCellModelAdapter.m</string>
			<key>sourceTree</key>
			<string>&lt;group&gt;</string>
		</dict>
		<key>44BEDEF816B573BC00FBE30C</key>
		<dict>
			<key>fileEncoding</key>
			<string>4</string>
			<key>isa</key>
			<string>PBXFileReference</string>
			<key>lastKnownFileType</key>
			<string>sourcecode.c.h</string>
			<key>path</key>
			<string>CellModelAdapter.h</string>
			<key>sourceTree</key>
			<string>&lt;group&gt;</string>
		</dict>
		<key>44BEDEF916B573BC00FBE30C</key>
		<dict>
			<key>fileEncoding</key>
			<string>4</string>
			<key>isa</key>
			<string>PBXFileReference</string>
			<key>lastKnownFileType</key>
			<string>sourcecode.c.h</string>
			<key>path</key>
			<string>IfaceCellModelAdapter.h</string>
			<key>sourceTree</key>
			<string>&lt;group&gt;</string>
		</dict>
		<key>44BEDEFA16B573BC00FBE30C</key>
		<dict>
			<key>fileEncoding</key>
			<string>4</string>
			<key>isa</key>
			<string>PBXFileReference</string>
			<key>lastKnownFileType</key>
			<string>sourcecode.c.objc</string>
			<key>path</key>
			<string>IfaceCellModelAdapter.m</string>
			<key>sourceTree</key>
			<string>&lt;group&gt;</string>
		</dict>
		<key>44BEDEFB16B573BC00FBE30C</key>
		<dict>
			<key>fileEncoding</key>
			<string>4</string>
			<key>isa</key>
			<string>PBXFileReference</string>
			<key>lastKnownFileType</key>
			<string>sourcecode.c.h</string>
			<key>path</key>
			<string>ShareCellModelAdapter.h</string>
			<key>sourceTree</key>
			<string>&lt;group&gt;</string>
		</dict>
		<key>44BEDEFC16B573BC00FBE30C</key>
		<dict>
			<key>fileEncoding</key>
			<string>4</string>
			<key>isa</key>
			<string>PBXFileReference</string>
			<key>lastKnownFileType</key>
			<string>sourcecode.c.objc</string>
			<key>path</key>
			<string>ShareCellModelAdapter.m</string>
			<key>sourceTree</key>
			<string>&lt;group&gt;</string>
		</dict>
		<key>44BEDEFD16B573BC00FBE30C</key>
		<dict>
			<key>children</key>
			<array>
				<string>44BEDEFE16B573BC00FBE30C</string>
				<string>44BEDEFF16B573BC00FBE30C</string>
				<string>44BEDF0016B573BC00FBE30C</string>
				<string>44BEDF0116B573BC00FBE30C</string>
				<string>44BEDF0216B573BC00FBE30C</string>
			</array>
			<key>isa</key>
			<string>PBXGroup</string>
			<key>path</key>
			<string>Cells</string>
			<key>sourceTree</key>
			<string>&lt;group&gt;</string>
		</dict>
		<key>44BEDEFE16B573BC00FBE30C</key>
		<dict>
			<key>fileEncoding</key>
			<string>4</string>
			<key>isa</key>
			<string>PBXFileReference</string>
			<key>lastKnownFileType</key>
			<string>sourcecode.c.h</string>
			<key>path</key>
			<string>BaseCell.h</string>
			<key>sourceTree</key>
			<string>&lt;group&gt;</string>
		</dict>
		<key>44BEDEFF16B573BC00FBE30C</key>
		<dict>
			<key>fileEncoding</key>
			<string>4</string>
			<key>isa</key>
			<string>PBXFileReference</string>
			<key>lastKnownFileType</key>
			<string>sourcecode.c.objc</string>
			<key>path</key>
			<string>BaseCell.m</string>
			<key>sourceTree</key>
			<string>&lt;group&gt;</string>
		</dict>
		<key>44BEDF0016B573BC00FBE30C</key>
		<dict>
			<key>fileEncoding</key>
			<string>4</string>
			<key>isa</key>
			<string>PBXFileReference</string>
			<key>lastKnownFileType</key>
			<string>sourcecode.c.h</string>
			<key>path</key>
			<string>ShareCell.h</string>
			<key>sourceTree</key>
			<string>&lt;group&gt;</string>
		</dict>
		<key>44BEDF0116B573BC00FBE30C</key>
		<dict>
			<key>fileEncoding</key>
			<string>4</string>
			<key>isa</key>
			<string>PBXFileReference</string>
			<key>lastKnownFileType</key>
			<string>sourcecode.c.objc</string>
			<key>path</key>
			<string>ShareCell.m</string>
			<key>sourceTree</key>
			<string>&lt;group&gt;</string>
		</dict>
		<key>44BEDF0216B573BC00FBE30C</key>
		<dict>
			<key>fileEncoding</key>
			<string>4</string>
			<key>isa</key>
			<string>PBXFileReference</string>
			<key>lastKnownFileType</key>
			<string>file.xib</string>
			<key>path</key>
			<string>ShareCell.xib</string>
			<key>sourceTree</key>
			<string>&lt;group&gt;</string>
		</dict>
		<key>44BEDF0316B573BC00FBE30C</key>
		<dict>
			<key>children</key>
			<array>
				<string>44BEDF0416B573BC00FBE30C</string>
				<string>44BEDF0516B573BC00FBE30C</string>
				<string>44BEDF0616B573BC00FBE30C</string>
				<string>44BEDF0716B573BC00FBE30C</string>
				<string>44BEDF0816B573BC00FBE30C</string>
				<string>44BEDF0916B573BC00FBE30C</string>
				<string>44BEDF0A16B573BC00FBE30C</string>
				<string>44BEDF0B16B573BC00FBE30C</string>
			</array>
			<key>isa</key>
			<string>PBXGroup</string>
			<key>path</key>
			<string>Models</string>
			<key>sourceTree</key>
			<string>&lt;group&gt;</string>
		</dict>
		<key>44BEDF0416B573BC00FBE30C</key>
		<dict>
			<key>fileEncoding</key>
			<string>4</string>
			<key>isa</key>
			<string>PBXFileReference</string>
			<key>lastKnownFileType</key>
			<string>sourcecode.c.h</string>
			<key>path</key>
			<string>CellModel.h</string>
			<key>sourceTree</key>
			<string>&lt;group&gt;</string>
		</dict>
		<key>44BEDF0516B573BC00FBE30C</key>
		<dict>
			<key>fileEncoding</key>
			<string>4</string>
			<key>isa</key>
			<string>PBXFileReference</string>
			<key>lastKnownFileType</key>
			<string>sourcecode.c.objc</string>
			<key>path</key>
			<string>CellModel.m</string>
			<key>sourceTree</key>
			<string>&lt;group&gt;</string>
		</dict>
		<key>44BEDF0616B573BC00FBE30C</key>
		<dict>
			<key>fileEncoding</key>
			<string>4</string>
			<key>isa</key>
			<string>PBXFileReference</string>
			<key>lastKnownFileType</key>
			<string>sourcecode.c.h</string>
			<key>path</key>
			<string>SectionModel.h</string>
			<key>sourceTree</key>
			<string>&lt;group&gt;</string>
		</dict>
		<key>44BEDF0716B573BC00FBE30C</key>
		<dict>
			<key>fileEncoding</key>
			<string>4</string>
			<key>isa</key>
			<string>PBXFileReference</string>
			<key>lastKnownFileType</key>
			<string>sourcecode.c.objc</string>
			<key>path</key>
			<string>SectionModel.m</string>
			<key>sourceTree</key>
			<string>&lt;group&gt;</string>
		</dict>
		<key>44BEDF0816B573BC00FBE30C</key>
		<dict>
			<key>fileEncoding</key>
			<string>4</string>
			<key>isa</key>
			<string>PBXFileReference</string>
			<key>lastKnownFileType</key>
			<string>sourcecode.c.h</string>
			<key>path</key>
			<string>TableModel.h</string>
			<key>sourceTree</key>
			<string>&lt;group&gt;</string>
		</dict>
		<key>44BEDF0916B573BC00FBE30C</key>
		<dict>
			<key>fileEncoding</key>
			<string>4</string>
			<key>isa</key>
			<string>PBXFileReference</string>
			<key>lastKnownFileType</key>
			<string>sourcecode.c.objc</string>
			<key>path</key>
			<string>TableModel.m</string>
			<key>sourceTree</key>
			<string>&lt;group&gt;</string>
		</dict>
		<key>44BEDF0A16B573BC00FBE30C</key>
		<dict>
			<key>fileEncoding</key>
			<string>4</string>
			<key>isa</key>
			<string>PBXFileReference</string>
			<key>lastKnownFileType</key>
			<string>sourcecode.c.h</string>
			<key>path</key>
			<string>TableModelConstants.h</string>
			<key>sourceTree</key>
			<string>&lt;group&gt;</string>
		</dict>
		<key>44BEDF0B16B573BC00FBE30C</key>
		<dict>
			<key>fileEncoding</key>
			<string>4</string>
			<key>isa</key>
			<string>PBXFileReference</string>
			<key>lastKnownFileType</key>
			<string>sourcecode.c.objc</string>
			<key>path</key>
			<string>TableModelConstants.m</string>
			<key>sourceTree</key>
			<string>&lt;group&gt;</string>
		</dict>
		<key>44BEDF0C16B573BC00FBE30C</key>
		<dict>
			<key>fileRef</key>
			<string>44BEDEF716B573BC00FBE30C</string>
			<key>isa</key>
			<string>PBXBuildFile</string>
		</dict>
		<key>44BEDF0D16B573BC00FBE30C</key>
		<dict>
			<key>fileRef</key>
			<string>44BEDEFA16B573BC00FBE30C</string>
			<key>isa</key>
			<string>PBXBuildFile</string>
		</dict>
		<key>44BEDF0E16B573BC00FBE30C</key>
		<dict>
			<key>fileRef</key>
			<string>44BEDEFC16B573BC00FBE30C</string>
			<key>isa</key>
			<string>PBXBuildFile</string>
		</dict>
		<key>44BEDF0F16B573BC00FBE30C</key>
		<dict>
			<key>fileRef</key>
			<string>44BEDEFF16B573BC00FBE30C</string>
			<key>isa</key>
			<string>PBXBuildFile</string>
		</dict>
		<key>44BEDF1016B573BC00FBE30C</key>
		<dict>
			<key>fileRef</key>
			<string>44BEDF0116B573BC00FBE30C</string>
			<key>isa</key>
			<string>PBXBuildFile</string>
		</dict>
		<key>44BEDF1116B573BC00FBE30C</key>
		<dict>
			<key>fileRef</key>
			<string>44BEDF0216B573BC00FBE30C</string>
			<key>isa</key>
			<string>PBXBuildFile</string>
		</dict>
		<key>44BEDF1216B573BC00FBE30C</key>
		<dict>
			<key>fileRef</key>
			<string>44BEDF0516B573BC00FBE30C</string>
			<key>isa</key>
			<string>PBXBuildFile</string>
		</dict>
		<key>44BEDF1316B573BC00FBE30C</key>
		<dict>
			<key>fileRef</key>
			<string>44BEDF0716B573BC00FBE30C</string>
			<key>isa</key>
			<string>PBXBuildFile</string>
		</dict>
		<key>44BEDF1416B573BC00FBE30C</key>
		<dict>
			<key>fileRef</key>
			<string>44BEDF0916B573BC00FBE30C</string>
			<key>isa</key>
			<string>PBXBuildFile</string>
		</dict>
		<key>44BEDF1516B573BC00FBE30C</key>
		<dict>
			<key>fileRef</key>
			<string>44BEDF0B16B573BC00FBE30C</string>
			<key>isa</key>
			<string>PBXBuildFile</string>
		</dict>
		<key>44BEDF1616B5741700FBE30C</key>
		<dict>
			<key>children</key>
			<array>
				<string>44BEDF1716B5741700FBE30C</string>
				<string>44BEDF1816B5741700FBE30C</string>
				<string>44BEDF1916B5741700FBE30C</string>
				<string>44BEDF1A16B5741700FBE30C</string>
				<string>44BEDF1B16B5741700FBE30C</string>
				<string>44BEDF1C16B5741700FBE30C</string>
				<string>44BEDF1D16B5741700FBE30C</string>
				<string>44BEDF1E16B5741700FBE30C</string>
				<string>44BEDF1F16B5741700FBE30C</string>
			</array>
			<key>isa</key>
			<string>PBXGroup</string>
			<key>path</key>
			<string>ResponseFormatting</string>
			<key>sourceTree</key>
			<string>&lt;group&gt;</string>
		</dict>
		<key>44BEDF1716B5741700FBE30C</key>
		<dict>
			<key>fileEncoding</key>
			<string>4</string>
			<key>isa</key>
			<string>PBXFileReference</string>
			<key>lastKnownFileType</key>
			<string>sourcecode.c.h</string>
			<key>path</key>
			<string>BasicTemplateLoader.h</string>
			<key>sourceTree</key>
			<string>&lt;group&gt;</string>
		</dict>
		<key>44BEDF1816B5741700FBE30C</key>
		<dict>
			<key>fileEncoding</key>
			<string>4</string>
			<key>isa</key>
			<string>PBXFileReference</string>
			<key>lastKnownFileType</key>
			<string>sourcecode.c.objc</string>
			<key>path</key>
			<string>BasicTemplateLoader.m</string>
			<key>sourceTree</key>
			<string>&lt;group&gt;</string>
		</dict>
		<key>44BEDF1916B5741700FBE30C</key>
		<dict>
			<key>fileEncoding</key>
			<string>4</string>
			<key>isa</key>
			<string>PBXFileReference</string>
			<key>lastKnownFileType</key>
			<string>sourcecode.c.h</string>
			<key>path</key>
			<string>HTTPAsyncAssetResponse.h</string>
			<key>sourceTree</key>
			<string>&lt;group&gt;</string>
		</dict>
		<key>44BEDF1A16B5741700FBE30C</key>
		<dict>
			<key>fileEncoding</key>
			<string>4</string>
			<key>isa</key>
			<string>PBXFileReference</string>
			<key>lastKnownFileType</key>
			<string>sourcecode.c.objc</string>
			<key>path</key>
			<string>HTTPAsyncAssetResponse.m</string>
			<key>sourceTree</key>
			<string>&lt;group&gt;</string>
		</dict>
		<key>44BEDF1B16B5741700FBE30C</key>
		<dict>
			<key>fileEncoding</key>
			<string>4</string>
			<key>isa</key>
			<string>PBXFileReference</string>
			<key>lastKnownFileType</key>
			<string>sourcecode.c.h</string>
			<key>path</key>
			<string>MacroPreprocessor.h</string>
			<key>sourceTree</key>
			<string>&lt;group&gt;</string>
		</dict>
		<key>44BEDF1C16B5741700FBE30C</key>
		<dict>
			<key>fileEncoding</key>
			<string>4</string>
			<key>isa</key>
			<string>PBXFileReference</string>
			<key>lastKnownFileType</key>
			<string>sourcecode.c.objc</string>
			<key>path</key>
			<string>MacroPreprocessor.m</string>
			<key>sourceTree</key>
			<string>&lt;group&gt;</string>
		</dict>
		<key>44BEDF1D16B5741700FBE30C</key>
		<dict>
			<key>fileEncoding</key>
			<string>4</string>
			<key>isa</key>
			<string>PBXFileReference</string>
			<key>lastKnownFileType</key>
			<string>sourcecode.c.h</string>
			<key>path</key>
			<string>MainHTTPConnection.h</string>
			<key>sourceTree</key>
			<string>&lt;group&gt;</string>
		</dict>
		<key>44BEDF1E16B5741700FBE30C</key>
		<dict>
			<key>fileEncoding</key>
			<string>4</string>
			<key>isa</key>
			<string>PBXFileReference</string>
			<key>lastKnownFileType</key>
			<string>sourcecode.c.objc</string>
			<key>path</key>
			<string>MainHTTPConnection.m</string>
			<key>sourceTree</key>
			<string>&lt;group&gt;</string>
		</dict>
		<key>44BEDF1F16B5741700FBE30C</key>
		<dict>
			<key>fileEncoding</key>
			<string>4</string>
			<key>isa</key>
			<string>PBXFileReference</string>
			<key>lastKnownFileType</key>
			<string>sourcecode.c.h</string>
			<key>path</key>
			<string>TemplateLoader.h</string>
			<key>sourceTree</key>
			<string>&lt;group&gt;</string>
		</dict>
		<key>44BEDF2016B5741700FBE30C</key>
		<dict>
			<key>fileRef</key>
			<string>44BEDF1816B5741700FBE30C</string>
			<key>isa</key>
			<string>PBXBuildFile</string>
		</dict>
		<key>44BEDF2116B5741700FBE30C</key>
		<dict>
			<key>fileRef</key>
			<string>44BEDF1A16B5741700FBE30C</string>
			<key>isa</key>
			<string>PBXBuildFile</string>
		</dict>
		<key>44BEDF2216B5741700FBE30C</key>
		<dict>
			<key>fileRef</key>
			<string>44BEDF1C16B5741700FBE30C</string>
			<key>isa</key>
			<string>PBXBuildFile</string>
		</dict>
		<key>44BEDF2316B5741700FBE30C</key>
		<dict>
			<key>fileRef</key>
			<string>44BEDF1E16B5741700FBE30C</string>
			<key>isa</key>
			<string>PBXBuildFile</string>
		</dict>
		<key>44BEDF2416B5745300FBE30C</key>
		<dict>
			<key>children</key>
			<array>
				<string>44BEDF2516B5745300FBE30C</string>
				<string>44BEDF2616B5745300FBE30C</string>
				<string>44BEDF2716B5745300FBE30C</string>
				<string>44BEDF2816B5745300FBE30C</string>
				<string>44BEDF2916B5745300FBE30C</string>
				<string>44BEDF2A16B5745300FBE30C</string>
				<string>44BEDF2B16B5745300FBE30C</string>
				<string>44BEDF2C16B5745300FBE30C</string>
				<string>44BEDF2D16B5745300FBE30C</string>
				<string>44BEDF2E16B5745300FBE30C</string>
				<string>44BEDF2F16B5745300FBE30C</string>
				<string>44BEDF3016B5745300FBE30C</string>
				<string>44BEDF3116B5745300FBE30C</string>
				<string>44BEDF3216B5745300FBE30C</string>
			</array>
			<key>isa</key>
			<string>PBXGroup</string>
			<key>path</key>
			<string>ShareModels</string>
			<key>sourceTree</key>
			<string>&lt;group&gt;</string>
		</dict>
		<key>44BEDF2516B5745300FBE30C</key>
		<dict>
			<key>fileEncoding</key>
			<string>4</string>
			<key>isa</key>
			<string>PBXFileReference</string>
			<key>lastKnownFileType</key>
			<string>sourcecode.c.h</string>
			<key>path</key>
			<string>ALAssetShare.h</string>
			<key>sourceTree</key>
			<string>&lt;group&gt;</string>
		</dict>
		<key>44BEDF2616B5745300FBE30C</key>
		<dict>
			<key>fileEncoding</key>
			<string>4</string>
			<key>isa</key>
			<string>PBXFileReference</string>
			<key>lastKnownFileType</key>
			<string>sourcecode.c.objc</string>
			<key>path</key>
			<string>ALAssetShare.m</string>
			<key>sourceTree</key>
			<string>&lt;group&gt;</string>
		</dict>
		<key>44BEDF2716B5745300FBE30C</key>
		<dict>
			<key>fileEncoding</key>
			<string>4</string>
			<key>isa</key>
			<string>PBXFileReference</string>
			<key>lastKnownFileType</key>
			<string>sourcecode.c.h</string>
			<key>path</key>
			<string>ClipboardShare.h</string>
			<key>sourceTree</key>
			<string>&lt;group&gt;</string>
		</dict>
		<key>44BEDF2816B5745300FBE30C</key>
		<dict>
			<key>fileEncoding</key>
			<string>4</string>
			<key>isa</key>
			<string>PBXFileReference</string>
			<key>lastKnownFileType</key>
			<string>sourcecode.c.objc</string>
			<key>path</key>
			<string>ClipboardShare.m</string>
			<key>sourceTree</key>
			<string>&lt;group&gt;</string>
		</dict>
		<key>44BEDF2916B5745300FBE30C</key>
		<dict>
			<key>fileEncoding</key>
			<string>4</string>
			<key>isa</key>
			<string>PBXFileReference</string>
			<key>lastKnownFileType</key>
			<string>sourcecode.c.h</string>
			<key>path</key>
			<string>ImageShare.h</string>
			<key>sourceTree</key>
			<string>&lt;group&gt;</string>
		</dict>
		<key>44BEDF2A16B5745300FBE30C</key>
		<dict>
			<key>fileEncoding</key>
			<string>4</string>
			<key>isa</key>
			<string>PBXFileReference</string>
			<key>lastKnownFileType</key>
			<string>sourcecode.c.objc</string>
			<key>path</key>
			<string>ImageShare.m</string>
			<key>sourceTree</key>
			<string>&lt;group&gt;</string>
		</dict>
		<key>44BEDF2B16B5745300FBE30C</key>
		<dict>
			<key>fileEncoding</key>
			<string>4</string>
			<key>isa</key>
			<string>PBXFileReference</string>
			<key>lastKnownFileType</key>
			<string>sourcecode.c.h</string>
			<key>path</key>
			<string>PicturesShare.h</string>
			<key>sourceTree</key>
			<string>&lt;group&gt;</string>
		</dict>
		<key>44BEDF2C16B5745300FBE30C</key>
		<dict>
			<key>fileEncoding</key>
			<string>4</string>
			<key>isa</key>
			<string>PBXFileReference</string>
			<key>lastKnownFileType</key>
			<string>sourcecode.c.objc</string>
			<key>path</key>
			<string>PicturesShare.m</string>
			<key>sourceTree</key>
			<string>&lt;group&gt;</string>
		</dict>
		<key>44BEDF2D16B5745300FBE30C</key>
		<dict>
			<key>fileEncoding</key>
			<string>4</string>
			<key>isa</key>
			<string>PBXFileReference</string>
			<key>lastKnownFileType</key>
			<string>sourcecode.c.h</string>
			<key>path</key>
			<string>Share.h</string>
			<key>sourceTree</key>
			<string>&lt;group&gt;</string>
		</dict>
		<key>44BEDF2E16B5745300FBE30C</key>
		<dict>
			<key>fileEncoding</key>
			<string>4</string>
			<key>isa</key>
			<string>PBXFileReference</string>
			<key>lastKnownFileType</key>
			<string>sourcecode.c.objc</string>
			<key>path</key>
			<string>Share.m</string>
			<key>sourceTree</key>
			<string>&lt;group&gt;</string>
		</dict>
		<key>44BEDF2F16B5745300FBE30C</key>
		<dict>
			<key>fileEncoding</key>
			<string>4</string>
			<key>isa</key>
			<string>PBXFileReference</string>
			<key>lastKnownFileType</key>
			<string>sourcecode.c.h</string>
			<key>path</key>
			<string>SharesProvider.h</string>
			<key>sourceTree</key>
			<string>&lt;group&gt;</string>
		</dict>
		<key>44BEDF3016B5745300FBE30C</key>
		<dict>
			<key>fileEncoding</key>
			<string>4</string>
			<key>isa</key>
			<string>PBXFileReference</string>
			<key>lastKnownFileType</key>
			<string>sourcecode.c.objc</string>
			<key>path</key>
			<string>SharesProvider.m</string>
			<key>sourceTree</key>
			<string>&lt;group&gt;</string>
		</dict>
		<key>44BEDF3116B5745300FBE30C</key>
		<dict>
			<key>fileEncoding</key>
			<string>4</string>
			<key>isa</key>
			<string>PBXFileReference</string>
			<key>lastKnownFileType</key>
			<string>sourcecode.c.h</string>
			<key>path</key>
			<string>TextShare.h</string>
			<key>sourceTree</key>
			<string>&lt;group&gt;</string>
		</dict>
		<key>44BEDF3216B5745300FBE30C</key>
		<dict>
			<key>fileEncoding</key>
			<string>4</string>
			<key>isa</key>
			<string>PBXFileReference</string>
			<key>lastKnownFileType</key>
			<string>sourcecode.c.objc</string>
			<key>path</key>
			<string>TextShare.m</string>
			<key>sourceTree</key>
			<string>&lt;group&gt;</string>
		</dict>
		<key>44BEDF3316B5745300FBE30C</key>
		<dict>
			<key>fileRef</key>
			<string>44BEDF2616B5745300FBE30C</string>
			<key>isa</key>
			<string>PBXBuildFile</string>
		</dict>
		<key>44BEDF3416B5745300FBE30C</key>
		<dict>
			<key>fileRef</key>
			<string>44BEDF2816B5745300FBE30C</string>
			<key>isa</key>
			<string>PBXBuildFile</string>
		</dict>
		<key>44BEDF3516B5745300FBE30C</key>
		<dict>
			<key>fileRef</key>
			<string>44BEDF2A16B5745300FBE30C</string>
			<key>isa</key>
			<string>PBXBuildFile</string>
		</dict>
		<key>44BEDF3616B5745300FBE30C</key>
		<dict>
			<key>fileRef</key>
			<string>44BEDF2C16B5745300FBE30C</string>
			<key>isa</key>
			<string>PBXBuildFile</string>
		</dict>
		<key>44BEDF3716B5745300FBE30C</key>
		<dict>
			<key>fileRef</key>
			<string>44BEDF2E16B5745300FBE30C</string>
			<key>isa</key>
			<string>PBXBuildFile</string>
		</dict>
		<key>44BEDF3816B5745300FBE30C</key>
		<dict>
			<key>fileRef</key>
			<string>44BEDF3016B5745300FBE30C</string>
			<key>isa</key>
			<string>PBXBuildFile</string>
		</dict>
		<key>44BEDF3916B5745300FBE30C</key>
		<dict>
			<key>fileRef</key>
			<string>44BEDF3216B5745300FBE30C</string>
			<key>isa</key>
			<string>PBXBuildFile</string>
		</dict>
		<key>44BEDF3A16B574D900FBE30C</key>
		<dict>
			<key>fileEncoding</key>
			<string>4</string>
			<key>isa</key>
			<string>PBXFileReference</string>
			<key>lastKnownFileType</key>
			<string>sourcecode.c.h</string>
			<key>path</key>
			<string>UIImage+Additions.h</string>
			<key>sourceTree</key>
			<string>&lt;group&gt;</string>
		</dict>
		<key>44BEDF3B16B574D900FBE30C</key>
		<dict>
			<key>fileEncoding</key>
			<string>4</string>
			<key>isa</key>
			<string>PBXFileReference</string>
			<key>lastKnownFileType</key>
			<string>sourcecode.c.objc</string>
			<key>path</key>
			<string>UIImage+Additions.m</string>
			<key>sourceTree</key>
			<string>&lt;group&gt;</string>
		</dict>
		<key>44BEDF3C16B574D900FBE30C</key>
		<dict>
			<key>fileRef</key>
			<string>44BEDF3B16B574D900FBE30C</string>
			<key>isa</key>
			<string>PBXBuildFile</string>
		</dict>
		<key>44C05E3D166A3B6100EAF733</key>
		<dict>
			<key>isa</key>
			<string>PBXFileReference</string>
			<key>lastKnownFileType</key>
			<string>image.png</string>
			<key>path</key>
			<string>Icon.png</string>
			<key>sourceTree</key>
			<string>&lt;group&gt;</string>
		</dict>
		<key>44C05E3E166A3B6100EAF733</key>
		<dict>
			<key>isa</key>
			<string>PBXFileReference</string>
			<key>lastKnownFileType</key>
			<string>image.png</string>
			<key>path</key>
			<string>Icon@2x.png</string>
			<key>sourceTree</key>
			<string>&lt;group&gt;</string>
		</dict>
		<key>44C05E3F166A3B6100EAF733</key>
		<dict>
			<key>fileRef</key>
			<string>44C05E3D166A3B6100EAF733</string>
			<key>isa</key>
			<string>PBXBuildFile</string>
		</dict>
		<key>44C05E40166A3B6100EAF733</key>
		<dict>
			<key>fileRef</key>
			<string>44C05E3E166A3B6100EAF733</string>
			<key>isa</key>
			<string>PBXBuildFile</string>
		</dict>
		<key>44C05E59166AA6D000EAF733</key>
		<dict>
			<key>children</key>
			<array>
				<string>44C05E5A166AA6D100EAF733</string>
				<string>44C05E5B166AA6D100EAF733</string>
			</array>
			<key>isa</key>
			<string>PBXGroup</string>
			<key>path</key>
			<string>KVCSerializer</string>
			<key>sourceTree</key>
			<string>&lt;group&gt;</string>
		</dict>
		<key>44C05E5A166AA6D100EAF733</key>
		<dict>
			<key>fileEncoding</key>
			<string>4</string>
			<key>isa</key>
			<string>PBXFileReference</string>
			<key>lastKnownFileType</key>
			<string>sourcecode.c.h</string>
			<key>path</key>
			<string>KVCBaseObject.h</string>
			<key>sourceTree</key>
			<string>&lt;group&gt;</string>
		</dict>
		<key>44C05E5B166AA6D100EAF733</key>
		<dict>
			<key>fileEncoding</key>
			<string>4</string>
			<key>isa</key>
			<string>PBXFileReference</string>
			<key>lastKnownFileType</key>
			<string>sourcecode.c.objc</string>
			<key>path</key>
			<string>KVCBaseObject.m</string>
			<key>sourceTree</key>
			<string>&lt;group&gt;</string>
		</dict>
		<key>44C05E5C166AA6D100EAF733</key>
		<dict>
			<key>fileRef</key>
			<string>44C05E5B166AA6D100EAF733</string>
			<key>isa</key>
			<string>PBXBuildFile</string>
			<key>settings</key>
			<dict>
				<key>COMPILER_FLAGS</key>
				<string>-fno-objc-arc</string>
			</dict>
		</dict>
		<key>44EE822415FFD4EB008C12D6</key>
		<dict>
			<key>isa</key>
			<string>PBXFileReference</string>
			<key>lastKnownFileType</key>
			<string>wrapper.framework</string>
			<key>name</key>
			<string>CoreLocation.framework</string>
			<key>path</key>
			<string>System/Library/Frameworks/CoreLocation.framework</string>
			<key>sourceTree</key>
			<string>SDKROOT</string>
		</dict>
		<key>44EE822515FFD4EB008C12D6</key>
		<dict>
			<key>fileRef</key>
			<string>44EE822415FFD4EB008C12D6</string>
			<key>isa</key>
			<string>PBXBuildFile</string>
		</dict>
		<key>92BE8ED048B34C0EBE976834</key>
		<dict>
			<key>fileRef</key>
			<string>9E0B01861C6F42BE9FBC79BB</string>
			<key>isa</key>
			<string>PBXBuildFile</string>
			<key>settings</key>
			<dict/>
		</dict>
		<key>9E0B01861C6F42BE9FBC79BB</key>
		<dict>
			<key>explicitFileType</key>
			<string>archive.ar</string>
			<key>includeInIndex</key>
			<string>0</string>
			<key>isa</key>
			<string>PBXFileReference</string>
			<key>name</key>
			<string>libPods.a</string>
			<key>path</key>
			<string>libPods.a</string>
			<key>sourceTree</key>
			<string>BUILT_PRODUCTS_DIR</string>
		</dict>
		<key>DAAA94C5387943FD986BE367</key>
		<dict>
			<key>buildActionMask</key>
			<string>2147483647</string>
			<key>files</key>
			<array/>
			<key>inputPaths</key>
			<array/>
			<key>isa</key>
			<string>PBXShellScriptBuildPhase</string>
			<key>name</key>
			<string>Copy Pods Resources</string>
			<key>outputPaths</key>
			<array/>
			<key>runOnlyForDeploymentPostprocessing</key>
			<string>0</string>
			<key>shellPath</key>
			<string>/bin/sh</string>
			<key>shellScript</key>
			<string>"${SRCROOT}/Pods/Pods-resources.sh"
</string>
			<key>showEnvVarsInLog</key>
			<string>1</string>
		</dict>
		<key>F86AAB829A154B7C8FA88101</key>
		<dict>
			<key>includeInIndex</key>
			<string>1</string>
			<key>isa</key>
			<string>PBXFileReference</string>
			<key>lastKnownFileType</key>
			<string>text.xcconfig</string>
			<key>name</key>
			<string>Pods.xcconfig</string>
			<key>path</key>
			<string>Pods/Pods.xcconfig</string>
			<key>sourceTree</key>
			<string>SOURCE_ROOT</string>
		</dict>
	</dict>
	<key>rootObject</key>
	<string>444B42C4155C2FD200319EC7</string>
</dict>
</plist>
